
Microsoft Visual Studio Solution File, Format Version 12.00
# Visual Studio 15
VisualStudioVersion = 15.0.27703.2042
MinimumVisualStudioVersion = 10.0.40219.1
Project("{FAE04EC0-301F-11D3-BF4B-00C04F79EFBC}") = "RestFul_Demo.Android", "RestFul_Demo\RestFul_Demo.Android\RestFul_Demo.Android.csproj", "{1D695F7D-15B5-4A54-BCD2-CFBF04DE2651}"
EndProject
Project("{FAE04EC0-301F-11D3-BF4B-00C04F79EFBC}") = "RestFul_Demo.iOS", "RestFul_Demo\RestFul_Demo.iOS\RestFul_Demo.iOS.csproj", "{CED7368C-7C62-4E7E-A28A-2702F4283354}"
EndProject
Project("{FAE04EC0-301F-11D3-BF4B-00C04F79EFBC}") = "RestFul_Demo", "RestFul_Demo\RestFul_Demo\RestFul_Demo.csproj", "{D11476D5-03F5-4D64-AE8B-44338EDFC804}"
EndProject
Global
	GlobalSection(SolutionConfigurationPlatforms) = preSolution
		Ad-Hoc|Any CPU = Ad-Hoc|Any CPU
		Ad-Hoc|iPhone = Ad-Hoc|iPhone
		Ad-Hoc|iPhoneSimulator = Ad-Hoc|iPhoneSimulator
		AppStore|Any CPU = AppStore|Any CPU
		AppStore|iPhone = AppStore|iPhone
		AppStore|iPhoneSimulator = AppStore|iPhoneSimulator
		Debug|Any CPU = Debug|Any CPU
		Debug|iPhone = Debug|iPhone
		Debug|iPhoneSimulator = Debug|iPhoneSimulator
		Release|Any CPU = Release|Any CPU
		Release|iPhone = Release|iPhone
		Release|iPhoneSimulator = Release|iPhoneSimulator
	EndGlobalSection
	GlobalSection(ProjectConfigurationPlatforms) = postSolution
		{1D695F7D-15B5-4A54-BCD2-CFBF04DE2651}.Ad-Hoc|Any CPU.ActiveCfg = Release|Any CPU
		{1D695F7D-15B5-4A54-BCD2-CFBF04DE2651}.Ad-Hoc|Any CPU.Build.0 = Release|Any CPU
		{1D695F7D-15B5-4A54-BCD2-CFBF04DE2651}.Ad-Hoc|Any CPU.Deploy.0 = Release|Any CPU
		{1D695F7D-15B5-4A54-BCD2-CFBF04DE2651}.Ad-Hoc|iPhone.ActiveCfg = Release|Any CPU
		{1D695F7D-15B5-4A54-BCD2-CFBF04DE2651}.Ad-Hoc|iPhone.Build.0 = Release|Any CPU
		{1D695F7D-15B5-4A54-BCD2-CFBF04DE2651}.Ad-Hoc|iPhone.Deploy.0 = Release|Any CPU
		{1D695F7D-15B5-4A54-BCD2-CFBF04DE2651}.Ad-Hoc|iPhoneSimulator.ActiveCfg = Release|Any CPU
		{1D695F7D-15B5-4A54-BCD2-CFBF04DE2651}.Ad-Hoc|iPhoneSimulator.Build.0 = Release|Any CPU
		{1D695F7D-15B5-4A54-BCD2-CFBF04DE2651}.Ad-Hoc|iPhoneSimulator.Deploy.0 = Release|Any CPU
		{1D695F7D-15B5-4A54-BCD2-CFBF04DE2651}.AppStore|Any CPU.ActiveCfg = Release|Any CPU
		{1D695F7D-15B5-4A54-BCD2-CFBF04DE2651}.AppStore|Any CPU.Build.0 = Release|Any CPU
		{1D695F7D-15B5-4A54-BCD2-CFBF04DE2651}.AppStore|Any CPU.Deploy.0 = Release|Any CPU
		{1D695F7D-15B5-4A54-BCD2-CFBF04DE2651}.AppStore|iPhone.ActiveCfg = Release|Any CPU
		{1D695F7D-15B5-4A54-BCD2-CFBF04DE2651}.AppStore|iPhone.Build.0 = Release|Any CPU
		{1D695F7D-15B5-4A54-BCD2-CFBF04DE2651}.AppStore|iPhone.Deploy.0 = Release|Any CPU
		{1D695F7D-15B5-4A54-BCD2-CFBF04DE2651}.AppStore|iPhoneSimulator.ActiveCfg = Release|Any CPU
		{1D695F7D-15B5-4A54-BCD2-CFBF04DE2651}.AppStore|iPhoneSimulator.Build.0 = Release|Any CPU
		{1D695F7D-15B5-4A54-BCD2-CFBF04DE2651}.AppStore|iPhoneSimulator.Deploy.0 = Release|Any CPU
		{1D695F7D-15B5-4A54-BCD2-CFBF04DE2651}.Debug|Any CPU.ActiveCfg = Debug|Any CPU
		{1D695F7D-15B5-4A54-BCD2-CFBF04DE2651}.Debug|Any CPU.Build.0 = Debug|Any CPU
		{1D695F7D-15B5-4A54-BCD2-CFBF04DE2651}.Debug|Any CPU.Deploy.0 = Debug|Any CPU
		{1D695F7D-15B5-4A54-BCD2-CFBF04DE2651}.Debug|iPhone.ActiveCfg = Debug|Any CPU
		{1D695F7D-15B5-4A54-BCD2-CFBF04DE2651}.Debug|iPhone.Build.0 = Debug|Any CPU
		{1D695F7D-15B5-4A54-BCD2-CFBF04DE2651}.Debug|iPhone.Deploy.0 = Debug|Any CPU
		{1D695F7D-15B5-4A54-BCD2-CFBF04DE2651}.Debug|iPhoneSimulator.ActiveCfg = Debug|Any CPU
		{1D695F7D-15B5-4A54-BCD2-CFBF04DE2651}.Debug|iPhoneSimulator.Build.0 = Debug|Any CPU
		{1D695F7D-15B5-4A54-BCD2-CFBF04DE2651}.Debug|iPhoneSimulator.Deploy.0 = Debug|Any CPU
		{1D695F7D-15B5-4A54-BCD2-CFBF04DE2651}.Release|Any CPU.ActiveCfg = Release|Any CPU
		{1D695F7D-15B5-4A54-BCD2-CFBF04DE2651}.Release|Any CPU.Build.0 = Release|Any CPU
		{1D695F7D-15B5-4A54-BCD2-CFBF04DE2651}.Release|Any CPU.Deploy.0 = Release|Any CPU
		{1D695F7D-15B5-4A54-BCD2-CFBF04DE2651}.Release|iPhone.ActiveCfg = Release|Any CPU
		{1D695F7D-15B5-4A54-BCD2-CFBF04DE2651}.Release|iPhone.Build.0 = Release|Any CPU
		{1D695F7D-15B5-4A54-BCD2-CFBF04DE2651}.Release|iPhone.Deploy.0 = Release|Any CPU
		{1D695F7D-15B5-4A54-BCD2-CFBF04DE2651}.Release|iPhoneSimulator.ActiveCfg = Release|Any CPU
		{1D695F7D-15B5-4A54-BCD2-CFBF04DE2651}.Release|iPhoneSimulator.Build.0 = Release|Any CPU
		{1D695F7D-15B5-4A54-BCD2-CFBF04DE2651}.Release|iPhoneSimulator.Deploy.0 = Release|Any CPU
		{CED7368C-7C62-4E7E-A28A-2702F4283354}.Ad-Hoc|Any CPU.ActiveCfg = Ad-Hoc|iPhone
		{CED7368C-7C62-4E7E-A28A-2702F4283354}.Ad-Hoc|Any CPU.Build.0 = Ad-Hoc|iPhone
		{CED7368C-7C62-4E7E-A28A-2702F4283354}.Ad-Hoc|Any CPU.Deploy.0 = Ad-Hoc|iPhone
		{CED7368C-7C62-4E7E-A28A-2702F4283354}.Ad-Hoc|iPhone.ActiveCfg = Ad-Hoc|iPhone
		{CED7368C-7C62-4E7E-A28A-2702F4283354}.Ad-Hoc|iPhone.Build.0 = Ad-Hoc|iPhone
		{CED7368C-7C62-4E7E-A28A-2702F4283354}.Ad-Hoc|iPhone.Deploy.0 = Ad-Hoc|iPhone
		{CED7368C-7C62-4E7E-A28A-2702F4283354}.Ad-Hoc|iPhoneSimulator.ActiveCfg = Ad-Hoc|iPhoneSimulator
		{CED7368C-7C62-4E7E-A28A-2702F4283354}.Ad-Hoc|iPhoneSimulator.Build.0 = Ad-Hoc|iPhoneSimulator
		{CED7368C-7C62-4E7E-A28A-2702F4283354}.Ad-Hoc|iPhoneSimulator.Deploy.0 = Ad-Hoc|iPhoneSimulator
		{CED7368C-7C62-4E7E-A28A-2702F4283354}.AppStore|Any CPU.ActiveCfg = AppStore|iPhone
		{CED7368C-7C62-4E7E-A28A-2702F4283354}.AppStore|Any CPU.Build.0 = AppStore|iPhone
		{CED7368C-7C62-4E7E-A28A-2702F4283354}.AppStore|Any CPU.Deploy.0 = AppStore|iPhone
		{CED7368C-7C62-4E7E-A28A-2702F4283354}.AppStore|iPhone.ActiveCfg = AppStore|iPhone
		{CED7368C-7C62-4E7E-A28A-2702F4283354}.AppStore|iPhone.Build.0 = AppStore|iPhone
		{CED7368C-7C62-4E7E-A28A-2702F4283354}.AppStore|iPhone.Deploy.0 = AppStore|iPhone
		{CED7368C-7C62-4E7E-A28A-2702F4283354}.AppStore|iPhoneSimulator.ActiveCfg = AppStore|iPhoneSimulator
		{CED7368C-7C62-4E7E-A28A-2702F4283354}.AppStore|iPhoneSimulator.Build.0 = AppStore|iPhoneSimulator
		{CED7368C-7C62-4E7E-A28A-2702F4283354}.AppStore|iPhoneSimulator.Deploy.0 = AppStore|iPhoneSimulator
		{CED7368C-7C62-4E7E-A28A-2702F4283354}.Debug|Any CPU.ActiveCfg = Debug|iPhoneSimulator
		{CED7368C-7C62-4E7E-A28A-2702F4283354}.Debug|Any CPU.Build.0 = Debug|iPhoneSimulator
		{CED7368C-7C62-4E7E-A28A-2702F4283354}.Debug|Any CPU.Deploy.0 = Debug|iPhoneSimulator
		{CED7368C-7C62-4E7E-A28A-2702F4283354}.Debug|iPhone.ActiveCfg = Debug|iPhone
		{CED7368C-7C62-4E7E-A28A-2702F4283354}.Debug|iPhone.Build.0 = Debug|iPhone
		{CED7368C-7C62-4E7E-A28A-2702F4283354}.Debug|iPhone.Deploy.0 = Debug|iPhone
		{CED7368C-7C62-4E7E-A28A-2702F4283354}.Debug|iPhoneSimulator.ActiveCfg = Debug|iPhoneSimulator
		{CED7368C-7C62-4E7E-A28A-2702F4283354}.Debug|iPhoneSimulator.Build.0 = Debug|iPhoneSimulator
		{CED7368C-7C62-4E7E-A28A-2702F4283354}.Debug|iPhoneSimulator.Deploy.0 = Debug|iPhoneSimulator
		{CED7368C-7C62-4E7E-A28A-2702F4283354}.Release|Any CPU.ActiveCfg = Release|iPhone
		{CED7368C-7C62-4E7E-A28A-2702F4283354}.Release|Any CPU.Build.0 = Release|iPhone
		{CED7368C-7C62-4E7E-A28A-2702F4283354}.Release|Any CPU.Deploy.0 = Release|iPhone
		{CED7368C-7C62-4E7E-A28A-2702F4283354}.Release|iPhone.ActiveCfg = Release|iPhone
		{CED7368C-7C62-4E7E-A28A-2702F4283354}.Release|iPhone.Build.0 = Release|iPhone
		{CED7368C-7C62-4E7E-A28A-2702F4283354}.Release|iPhone.Deploy.0 = Release|iPhone
		{CED7368C-7C62-4E7E-A28A-2702F4283354}.Release|iPhoneSimulator.ActiveCfg = Release|iPhoneSimulator
		{CED7368C-7C62-4E7E-A28A-2702F4283354}.Release|iPhoneSimulator.Build.0 = Release|iPhoneSimulator
		{CED7368C-7C62-4E7E-A28A-2702F4283354}.Release|iPhoneSimulator.Deploy.0 = Release|iPhoneSimulator
		{D11476D5-03F5-4D64-AE8B-44338EDFC804}.Ad-Hoc|Any CPU.ActiveCfg = Debug|Any CPU
		{D11476D5-03F5-4D64-AE8B-44338EDFC804}.Ad-Hoc|Any CPU.Build.0 = Debug|Any CPU
		{D11476D5-03F5-4D64-AE8B-44338EDFC804}.Ad-Hoc|Any CPU.Deploy.0 = Debug|Any CPU
		{D11476D5-03F5-4D64-AE8B-44338EDFC804}.Ad-Hoc|iPhone.ActiveCfg = Debug|Any CPU
		{D11476D5-03F5-4D64-AE8B-44338EDFC804}.Ad-Hoc|iPhone.Build.0 = Debug|Any CPU
		{D11476D5-03F5-4D64-AE8B-44338EDFC804}.Ad-Hoc|iPhone.Deploy.0 = Debug|Any CPU
		{D11476D5-03F5-4D64-AE8B-44338EDFC804}.Ad-Hoc|iPhoneSimulator.ActiveCfg = Debug|Any CPU
		{D11476D5-03F5-4D64-AE8B-44338EDFC804}.Ad-Hoc|iPhoneSimulator.Build.0 = Debug|Any CPU
		{D11476D5-03F5-4D64-AE8B-44338EDFC804}.Ad-Hoc|iPhoneSimulator.Deploy.0 = Debug|Any CPU
		{D11476D5-03F5-4D64-AE8B-44338EDFC804}.AppStore|Any CPU.ActiveCfg = Debug|Any CPU
		{D11476D5-03F5-4D64-AE8B-44338EDFC804}.AppStore|Any CPU.Build.0 = Debug|Any CPU
		{D11476D5-03F5-4D64-AE8B-44338EDFC804}.AppStore|Any CPU.Deploy.0 = Debug|Any CPU
		{D11476D5-03F5-4D64-AE8B-44338EDFC804}.AppStore|iPhone.ActiveCfg = Debug|Any CPU
		{D11476D5-03F5-4D64-AE8B-44338EDFC804}.AppStore|iPhone.Build.0 = Debug|Any CPU
		{D11476D5-03F5-4D64-AE8B-44338EDFC804}.AppStore|iPhone.Deploy.0 = Debug|Any CPU
		{D11476D5-03F5-4D64-AE8B-44338EDFC804}.AppStore|iPhoneSimulator.ActiveCfg = Debug|Any CPU
		{D11476D5-03F5-4D64-AE8B-44338EDFC804}.AppStore|iPhoneSimulator.Build.0 = Debug|Any CPU
		{D11476D5-03F5-4D64-AE8B-44338EDFC804}.AppStore|iPhoneSimulator.Deploy.0 = Debug|Any CPU
		{D11476D5-03F5-4D64-AE8B-44338EDFC804}.Debug|Any CPU.ActiveCfg = Debug|Any CPU
		{D11476D5-03F5-4D64-AE8B-44338EDFC804}.Debug|Any CPU.Build.0 = Debug|Any CPU
		{D11476D5-03F5-4D64-AE8B-44338EDFC804}.Debug|Any CPU.Deploy.0 = Debug|Any CPU
		{D11476D5-03F5-4D64-AE8B-44338EDFC804}.Debug|iPhone.ActiveCfg = Debug|Any CPU
		{D11476D5-03F5-4D64-AE8B-44338EDFC804}.Debug|iPhone.Build.0 = Debug|Any CPU
		{D11476D5-03F5-4D64-AE8B-44338EDFC804}.Debug|iPhone.Deploy.0 = Debug|Any CPU
		{D11476D5-03F5-4D64-AE8B-44338EDFC804}.Debug|iPhoneSimulator.ActiveCfg = Debug|Any CPU
		{D11476D5-03F5-4D64-AE8B-44338EDFC804}.Debug|iPhoneSimulator.Build.0 = Debug|Any CPU
		{D11476D5-03F5-4D64-AE8B-44338EDFC804}.Debug|iPhoneSimulator.Deploy.0 = Debug|Any CPU
		{D11476D5-03F5-4D64-AE8B-44338EDFC804}.Release|Any CPU.ActiveCfg = Release|Any CPU
		{D11476D5-03F5-4D64-AE8B-44338EDFC804}.Release|Any CPU.Build.0 = Release|Any CPU
		{D11476D5-03F5-4D64-AE8B-44338EDFC804}.Release|Any CPU.Deploy.0 = Release|Any CPU
		{D11476D5-03F5-4D64-AE8B-44338EDFC804}.Release|iPhone.ActiveCfg = Release|Any CPU
		{D11476D5-03F5-4D64-AE8B-44338EDFC804}.Release|iPhone.Build.0 = Release|Any CPU
		{D11476D5-03F5-4D64-AE8B-44338EDFC804}.Release|iPhone.Deploy.0 = Release|Any CPU
		{D11476D5-03F5-4D64-AE8B-44338EDFC804}.Release|iPhoneSimulator.ActiveCfg = Release|Any CPU
		{D11476D5-03F5-4D64-AE8B-44338EDFC804}.Release|iPhoneSimulator.Build.0 = Release|Any CPU
		{D11476D5-03F5-4D64-AE8B-44338EDFC804}.Release|iPhoneSimulator.Deploy.0 = Release|Any CPU
	EndGlobalSection
	GlobalSection(SolutionProperties) = preSolution
		HideSolutionNode = FALSE
	EndGlobalSection
	GlobalSection(ExtensibilityGlobals) = postSolution
		SolutionGuid = {5EA6441E-233E-45B6-AC11-99CC0F6F5532}
	EndGlobalSection
EndGlobal
