
Microsoft Visual Studio Solution File, Format Version 12.00
# Visual Studio 15
VisualStudioVersion = 15.0.27428.2037
MinimumVisualStudioVersion = 10.0.40219.1
Project("{FAE04EC0-301F-11D3-BF4B-00C04F79EFBC}") = "PDFViewDemo.Android", "PDFViewDemo\PDFViewDemo.Android\PDFViewDemo.Android.csproj", "{A7B74897-D93B-47EE-AC9D-4E362A7F106A}"
EndProject
Project("{FAE04EC0-301F-11D3-BF4B-00C04F79EFBC}") = "PDFViewDemo.iOS", "PDFViewDemo\PDFViewDemo.iOS\PDFViewDemo.iOS.csproj", "{161E5156-E9A4-4685-B616-480EC0A08D11}"
EndProject
Project("{FAE04EC0-301F-11D3-BF4B-00C04F79EFBC}") = "PDFViewDemo", "PDFViewDemo\PDFViewDemo\PDFViewDemo.csproj", "{E7DC9515-D104-4271-B2E6-0514D5BA67FE}"
EndProject
Global
	GlobalSection(SolutionConfigurationPlatforms) = preSolution
		Ad-Hoc|Any CPU = Ad-Hoc|Any CPU
		Ad-Hoc|iPhone = Ad-Hoc|iPhone
		Ad-Hoc|iPhoneSimulator = Ad-Hoc|iPhoneSimulator
		AppStore|Any CPU = AppStore|Any CPU
		AppStore|iPhone = AppStore|iPhone
		AppStore|iPhoneSimulator = AppStore|iPhoneSimulator
		Debug|Any CPU = Debug|Any CPU
		Debug|iPhone = Debug|iPhone
		Debug|iPhoneSimulator = Debug|iPhoneSimulator
		Release|Any CPU = Release|Any CPU
		Release|iPhone = Release|iPhone
		Release|iPhoneSimulator = Release|iPhoneSimulator
	EndGlobalSection
	GlobalSection(ProjectConfigurationPlatforms) = postSolution
		{A7B74897-D93B-47EE-AC9D-4E362A7F106A}.Ad-Hoc|Any CPU.ActiveCfg = Release|Any CPU
		{A7B74897-D93B-47EE-AC9D-4E362A7F106A}.Ad-Hoc|Any CPU.Build.0 = Release|Any CPU
		{A7B74897-D93B-47EE-AC9D-4E362A7F106A}.Ad-Hoc|Any CPU.Deploy.0 = Release|Any CPU
		{A7B74897-D93B-47EE-AC9D-4E362A7F106A}.Ad-Hoc|iPhone.ActiveCfg = Release|Any CPU
		{A7B74897-D93B-47EE-AC9D-4E362A7F106A}.Ad-Hoc|iPhone.Build.0 = Release|Any CPU
		{A7B74897-D93B-47EE-AC9D-4E362A7F106A}.Ad-Hoc|iPhone.Deploy.0 = Release|Any CPU
		{A7B74897-D93B-47EE-AC9D-4E362A7F106A}.Ad-Hoc|iPhoneSimulator.ActiveCfg = Release|Any CPU
		{A7B74897-D93B-47EE-AC9D-4E362A7F106A}.Ad-Hoc|iPhoneSimulator.Build.0 = Release|Any CPU
		{A7B74897-D93B-47EE-AC9D-4E362A7F106A}.Ad-Hoc|iPhoneSimulator.Deploy.0 = Release|Any CPU
		{A7B74897-D93B-47EE-AC9D-4E362A7F106A}.AppStore|Any CPU.ActiveCfg = Release|Any CPU
		{A7B74897-D93B-47EE-AC9D-4E362A7F106A}.AppStore|Any CPU.Build.0 = Release|Any CPU
		{A7B74897-D93B-47EE-AC9D-4E362A7F106A}.AppStore|Any CPU.Deploy.0 = Release|Any CPU
		{A7B74897-D93B-47EE-AC9D-4E362A7F106A}.AppStore|iPhone.ActiveCfg = Release|Any CPU
		{A7B74897-D93B-47EE-AC9D-4E362A7F106A}.AppStore|iPhone.Build.0 = Release|Any CPU
		{A7B74897-D93B-47EE-AC9D-4E362A7F106A}.AppStore|iPhone.Deploy.0 = Release|Any CPU
		{A7B74897-D93B-47EE-AC9D-4E362A7F106A}.AppStore|iPhoneSimulator.ActiveCfg = Release|Any CPU
		{A7B74897-D93B-47EE-AC9D-4E362A7F106A}.AppStore|iPhoneSimulator.Build.0 = Release|Any CPU
		{A7B74897-D93B-47EE-AC9D-4E362A7F106A}.AppStore|iPhoneSimulator.Deploy.0 = Release|Any CPU
		{A7B74897-D93B-47EE-AC9D-4E362A7F106A}.Debug|Any CPU.ActiveCfg = Debug|Any CPU
		{A7B74897-D93B-47EE-AC9D-4E362A7F106A}.Debug|Any CPU.Build.0 = Debug|Any CPU
		{A7B74897-D93B-47EE-AC9D-4E362A7F106A}.Debug|Any CPU.Deploy.0 = Debug|Any CPU
		{A7B74897-D93B-47EE-AC9D-4E362A7F106A}.Debug|iPhone.ActiveCfg = Debug|Any CPU
		{A7B74897-D93B-47EE-AC9D-4E362A7F106A}.Debug|iPhone.Build.0 = Debug|Any CPU
		{A7B74897-D93B-47EE-AC9D-4E362A7F106A}.Debug|iPhone.Deploy.0 = Debug|Any CPU
		{A7B74897-D93B-47EE-AC9D-4E362A7F106A}.Debug|iPhoneSimulator.ActiveCfg = Debug|Any CPU
		{A7B74897-D93B-47EE-AC9D-4E362A7F106A}.Debug|iPhoneSimulator.Build.0 = Debug|Any CPU
		{A7B74897-D93B-47EE-AC9D-4E362A7F106A}.Debug|iPhoneSimulator.Deploy.0 = Debug|Any CPU
		{A7B74897-D93B-47EE-AC9D-4E362A7F106A}.Release|Any CPU.ActiveCfg = Release|Any CPU
		{A7B74897-D93B-47EE-AC9D-4E362A7F106A}.Release|Any CPU.Build.0 = Release|Any CPU
		{A7B74897-D93B-47EE-AC9D-4E362A7F106A}.Release|Any CPU.Deploy.0 = Release|Any CPU
		{A7B74897-D93B-47EE-AC9D-4E362A7F106A}.Release|iPhone.ActiveCfg = Release|Any CPU
		{A7B74897-D93B-47EE-AC9D-4E362A7F106A}.Release|iPhone.Build.0 = Release|Any CPU
		{A7B74897-D93B-47EE-AC9D-4E362A7F106A}.Release|iPhone.Deploy.0 = Release|Any CPU
		{A7B74897-D93B-47EE-AC9D-4E362A7F106A}.Release|iPhoneSimulator.ActiveCfg = Release|Any CPU
		{A7B74897-D93B-47EE-AC9D-4E362A7F106A}.Release|iPhoneSimulator.Build.0 = Release|Any CPU
		{A7B74897-D93B-47EE-AC9D-4E362A7F106A}.Release|iPhoneSimulator.Deploy.0 = Release|Any CPU
		{161E5156-E9A4-4685-B616-480EC0A08D11}.Ad-Hoc|Any CPU.ActiveCfg = Ad-Hoc|iPhone
		{161E5156-E9A4-4685-B616-480EC0A08D11}.Ad-Hoc|iPhone.ActiveCfg = Ad-Hoc|iPhone
		{161E5156-E9A4-4685-B616-480EC0A08D11}.Ad-Hoc|iPhone.Build.0 = Ad-Hoc|iPhone
		{161E5156-E9A4-4685-B616-480EC0A08D11}.Ad-Hoc|iPhoneSimulator.ActiveCfg = Ad-Hoc|iPhoneSimulator
		{161E5156-E9A4-4685-B616-480EC0A08D11}.Ad-Hoc|iPhoneSimulator.Build.0 = Ad-Hoc|iPhoneSimulator
		{161E5156-E9A4-4685-B616-480EC0A08D11}.AppStore|Any CPU.ActiveCfg = AppStore|iPhone
		{161E5156-E9A4-4685-B616-480EC0A08D11}.AppStore|iPhone.ActiveCfg = AppStore|iPhone
		{161E5156-E9A4-4685-B616-480EC0A08D11}.AppStore|iPhone.Build.0 = AppStore|iPhone
		{161E5156-E9A4-4685-B616-480EC0A08D11}.AppStore|iPhoneSimulator.ActiveCfg = AppStore|iPhoneSimulator
		{161E5156-E9A4-4685-B616-480EC0A08D11}.AppStore|iPhoneSimulator.Build.0 = AppStore|iPhoneSimulator
		{161E5156-E9A4-4685-B616-480EC0A08D11}.Debug|Any CPU.ActiveCfg = Debug|iPhone
		{161E5156-E9A4-4685-B616-480EC0A08D11}.Debug|iPhone.ActiveCfg = Debug|iPhone
		{161E5156-E9A4-4685-B616-480EC0A08D11}.Debug|iPhone.Build.0 = Debug|iPhone
		{161E5156-E9A4-4685-B616-480EC0A08D11}.Debug|iPhoneSimulator.ActiveCfg = Debug|iPhoneSimulator
		{161E5156-E9A4-4685-B616-480EC0A08D11}.Debug|iPhoneSimulator.Build.0 = Debug|iPhoneSimulator
		{161E5156-E9A4-4685-B616-480EC0A08D11}.Release|Any CPU.ActiveCfg = Release|iPhone
		{161E5156-E9A4-4685-B616-480EC0A08D11}.Release|iPhone.ActiveCfg = Release|iPhone
		{161E5156-E9A4-4685-B616-480EC0A08D11}.Release|iPhone.Build.0 = Release|iPhone
		{161E5156-E9A4-4685-B616-480EC0A08D11}.Release|iPhoneSimulator.ActiveCfg = Release|iPhoneSimulator
		{161E5156-E9A4-4685-B616-480EC0A08D11}.Release|iPhoneSimulator.Build.0 = Release|iPhoneSimulator
		{E7DC9515-D104-4271-B2E6-0514D5BA67FE}.Ad-Hoc|Any CPU.ActiveCfg = Debug|Any CPU
		{E7DC9515-D104-4271-B2E6-0514D5BA67FE}.Ad-Hoc|Any CPU.Build.0 = Debug|Any CPU
		{E7DC9515-D104-4271-B2E6-0514D5BA67FE}.Ad-Hoc|iPhone.ActiveCfg = Debug|Any CPU
		{E7DC9515-D104-4271-B2E6-0514D5BA67FE}.Ad-Hoc|iPhone.Build.0 = Debug|Any CPU
		{E7DC9515-D104-4271-B2E6-0514D5BA67FE}.Ad-Hoc|iPhoneSimulator.ActiveCfg = Debug|Any CPU
		{E7DC9515-D104-4271-B2E6-0514D5BA67FE}.Ad-Hoc|iPhoneSimulator.Build.0 = Debug|Any CPU
		{E7DC9515-D104-4271-B2E6-0514D5BA67FE}.AppStore|Any CPU.ActiveCfg = Debug|Any CPU
		{E7DC9515-D104-4271-B2E6-0514D5BA67FE}.AppStore|Any CPU.Build.0 = Debug|Any CPU
		{E7DC9515-D104-4271-B2E6-0514D5BA67FE}.AppStore|iPhone.ActiveCfg = Debug|Any CPU
		{E7DC9515-D104-4271-B2E6-0514D5BA67FE}.AppStore|iPhone.Build.0 = Debug|Any CPU
		{E7DC9515-D104-4271-B2E6-0514D5BA67FE}.AppStore|iPhoneSimulator.ActiveCfg = Debug|Any CPU
		{E7DC9515-D104-4271-B2E6-0514D5BA67FE}.AppStore|iPhoneSimulator.Build.0 = Debug|Any CPU
		{E7DC9515-D104-4271-B2E6-0514D5BA67FE}.Debug|Any CPU.ActiveCfg = Debug|Any CPU
		{E7DC9515-D104-4271-B2E6-0514D5BA67FE}.Debug|Any CPU.Build.0 = Debug|Any CPU
		{E7DC9515-D104-4271-B2E6-0514D5BA67FE}.Debug|iPhone.ActiveCfg = Debug|Any CPU
		{E7DC9515-D104-4271-B2E6-0514D5BA67FE}.Debug|iPhone.Build.0 = Debug|Any CPU
		{E7DC9515-D104-4271-B2E6-0514D5BA67FE}.Debug|iPhoneSimulator.ActiveCfg = Debug|Any CPU
		{E7DC9515-D104-4271-B2E6-0514D5BA67FE}.Debug|iPhoneSimulator.Build.0 = Debug|Any CPU
		{E7DC9515-D104-4271-B2E6-0514D5BA67FE}.Release|Any CPU.ActiveCfg = Release|Any CPU
		{E7DC9515-D104-4271-B2E6-0514D5BA67FE}.Release|Any CPU.Build.0 = Release|Any CPU
		{E7DC9515-D104-4271-B2E6-0514D5BA67FE}.Release|iPhone.ActiveCfg = Release|Any CPU
		{E7DC9515-D104-4271-B2E6-0514D5BA67FE}.Release|iPhone.Build.0 = Release|Any CPU
		{E7DC9515-D104-4271-B2E6-0514D5BA67FE}.Release|iPhoneSimulator.ActiveCfg = Release|Any CPU
		{E7DC9515-D104-4271-B2E6-0514D5BA67FE}.Release|iPhoneSimulator.Build.0 = Release|Any CPU
	EndGlobalSection
	GlobalSection(SolutionProperties) = preSolution
		HideSolutionNode = FALSE
	EndGlobalSection
	GlobalSection(ExtensibilityGlobals) = postSolution
		SolutionGuid = {0581CD68-E19A-4340-B372-160CE8B6D070}
	EndGlobalSection
EndGlobal
