
Microsoft Visual Studio Solution File, Format Version 12.00
# Visual Studio 15
VisualStudioVersion = 15.0.27130.2024
MinimumVisualStudioVersion = 10.0.40219.1
Project("{FAE04EC0-301F-11D3-BF4B-00C04F79EFBC}") = "LocalNotifications.Android", "LocalNotifications\LocalNotifications.Android\LocalNotifications.Android.csproj", "{C529BA97-A898-4836-A534-2C7576A6919A}"
EndProject
Project("{FAE04EC0-301F-11D3-BF4B-00C04F79EFBC}") = "LocalNotifications.iOS", "LocalNotifications\LocalNotifications.iOS\LocalNotifications.iOS.csproj", "{A44EF9B5-C54D-4D5F-8498-432C9BFFF9BA}"
EndProject
Project("{FAE04EC0-301F-11D3-BF4B-00C04F79EFBC}") = "LocalNotifications", "LocalNotifications\LocalNotifications\LocalNotifications.csproj", "{D60D9124-EA45-44A7-A560-58461E8ED18A}"
EndProject
Global
	GlobalSection(SolutionConfigurationPlatforms) = preSolution
		Ad-Hoc|Any CPU = Ad-Hoc|Any CPU
		Ad-Hoc|iPhone = Ad-Hoc|iPhone
		Ad-Hoc|iPhoneSimulator = Ad-Hoc|iPhoneSimulator
		AppStore|Any CPU = AppStore|Any CPU
		AppStore|iPhone = AppStore|iPhone
		AppStore|iPhoneSimulator = AppStore|iPhoneSimulator
		Debug|Any CPU = Debug|Any CPU
		Debug|iPhone = Debug|iPhone
		Debug|iPhoneSimulator = Debug|iPhoneSimulator
		Release|Any CPU = Release|Any CPU
		Release|iPhone = Release|iPhone
		Release|iPhoneSimulator = Release|iPhoneSimulator
	EndGlobalSection
	GlobalSection(ProjectConfigurationPlatforms) = postSolution
		{C529BA97-A898-4836-A534-2C7576A6919A}.Ad-Hoc|Any CPU.ActiveCfg = Release|Any CPU
		{C529BA97-A898-4836-A534-2C7576A6919A}.Ad-Hoc|Any CPU.Build.0 = Release|Any CPU
		{C529BA97-A898-4836-A534-2C7576A6919A}.Ad-Hoc|Any CPU.Deploy.0 = Release|Any CPU
		{C529BA97-A898-4836-A534-2C7576A6919A}.Ad-Hoc|iPhone.ActiveCfg = Release|Any CPU
		{C529BA97-A898-4836-A534-2C7576A6919A}.Ad-Hoc|iPhone.Build.0 = Release|Any CPU
		{C529BA97-A898-4836-A534-2C7576A6919A}.Ad-Hoc|iPhone.Deploy.0 = Release|Any CPU
		{C529BA97-A898-4836-A534-2C7576A6919A}.Ad-Hoc|iPhoneSimulator.ActiveCfg = Release|Any CPU
		{C529BA97-A898-4836-A534-2C7576A6919A}.Ad-Hoc|iPhoneSimulator.Build.0 = Release|Any CPU
		{C529BA97-A898-4836-A534-2C7576A6919A}.Ad-Hoc|iPhoneSimulator.Deploy.0 = Release|Any CPU
		{C529BA97-A898-4836-A534-2C7576A6919A}.AppStore|Any CPU.ActiveCfg = Release|Any CPU
		{C529BA97-A898-4836-A534-2C7576A6919A}.AppStore|Any CPU.Build.0 = Release|Any CPU
		{C529BA97-A898-4836-A534-2C7576A6919A}.AppStore|Any CPU.Deploy.0 = Release|Any CPU
		{C529BA97-A898-4836-A534-2C7576A6919A}.AppStore|iPhone.ActiveCfg = Release|Any CPU
		{C529BA97-A898-4836-A534-2C7576A6919A}.AppStore|iPhone.Build.0 = Release|Any CPU
		{C529BA97-A898-4836-A534-2C7576A6919A}.AppStore|iPhone.Deploy.0 = Release|Any CPU
		{C529BA97-A898-4836-A534-2C7576A6919A}.AppStore|iPhoneSimulator.ActiveCfg = Release|Any CPU
		{C529BA97-A898-4836-A534-2C7576A6919A}.AppStore|iPhoneSimulator.Build.0 = Release|Any CPU
		{C529BA97-A898-4836-A534-2C7576A6919A}.AppStore|iPhoneSimulator.Deploy.0 = Release|Any CPU
		{C529BA97-A898-4836-A534-2C7576A6919A}.Debug|Any CPU.ActiveCfg = Debug|Any CPU
		{C529BA97-A898-4836-A534-2C7576A6919A}.Debug|Any CPU.Build.0 = Debug|Any CPU
		{C529BA97-A898-4836-A534-2C7576A6919A}.Debug|Any CPU.Deploy.0 = Debug|Any CPU
		{C529BA97-A898-4836-A534-2C7576A6919A}.Debug|iPhone.ActiveCfg = Debug|Any CPU
		{C529BA97-A898-4836-A534-2C7576A6919A}.Debug|iPhone.Build.0 = Debug|Any CPU
		{C529BA97-A898-4836-A534-2C7576A6919A}.Debug|iPhone.Deploy.0 = Debug|Any CPU
		{C529BA97-A898-4836-A534-2C7576A6919A}.Debug|iPhoneSimulator.ActiveCfg = Debug|Any CPU
		{C529BA97-A898-4836-A534-2C7576A6919A}.Debug|iPhoneSimulator.Build.0 = Debug|Any CPU
		{C529BA97-A898-4836-A534-2C7576A6919A}.Debug|iPhoneSimulator.Deploy.0 = Debug|Any CPU
		{C529BA97-A898-4836-A534-2C7576A6919A}.Release|Any CPU.ActiveCfg = Release|Any CPU
		{C529BA97-A898-4836-A534-2C7576A6919A}.Release|Any CPU.Build.0 = Release|Any CPU
		{C529BA97-A898-4836-A534-2C7576A6919A}.Release|Any CPU.Deploy.0 = Release|Any CPU
		{C529BA97-A898-4836-A534-2C7576A6919A}.Release|iPhone.ActiveCfg = Release|Any CPU
		{C529BA97-A898-4836-A534-2C7576A6919A}.Release|iPhone.Build.0 = Release|Any CPU
		{C529BA97-A898-4836-A534-2C7576A6919A}.Release|iPhone.Deploy.0 = Release|Any CPU
		{C529BA97-A898-4836-A534-2C7576A6919A}.Release|iPhoneSimulator.ActiveCfg = Release|Any CPU
		{C529BA97-A898-4836-A534-2C7576A6919A}.Release|iPhoneSimulator.Build.0 = Release|Any CPU
		{C529BA97-A898-4836-A534-2C7576A6919A}.Release|iPhoneSimulator.Deploy.0 = Release|Any CPU
		{A44EF9B5-C54D-4D5F-8498-432C9BFFF9BA}.Ad-Hoc|Any CPU.ActiveCfg = Ad-Hoc|iPhone
		{A44EF9B5-C54D-4D5F-8498-432C9BFFF9BA}.Ad-Hoc|iPhone.ActiveCfg = Ad-Hoc|iPhone
		{A44EF9B5-C54D-4D5F-8498-432C9BFFF9BA}.Ad-Hoc|iPhone.Build.0 = Ad-Hoc|iPhone
		{A44EF9B5-C54D-4D5F-8498-432C9BFFF9BA}.Ad-Hoc|iPhoneSimulator.ActiveCfg = Ad-Hoc|iPhoneSimulator
		{A44EF9B5-C54D-4D5F-8498-432C9BFFF9BA}.Ad-Hoc|iPhoneSimulator.Build.0 = Ad-Hoc|iPhoneSimulator
		{A44EF9B5-C54D-4D5F-8498-432C9BFFF9BA}.AppStore|Any CPU.ActiveCfg = AppStore|iPhone
		{A44EF9B5-C54D-4D5F-8498-432C9BFFF9BA}.AppStore|iPhone.ActiveCfg = AppStore|iPhone
		{A44EF9B5-C54D-4D5F-8498-432C9BFFF9BA}.AppStore|iPhone.Build.0 = AppStore|iPhone
		{A44EF9B5-C54D-4D5F-8498-432C9BFFF9BA}.AppStore|iPhoneSimulator.ActiveCfg = AppStore|iPhoneSimulator
		{A44EF9B5-C54D-4D5F-8498-432C9BFFF9BA}.AppStore|iPhoneSimulator.Build.0 = AppStore|iPhoneSimulator
		{A44EF9B5-C54D-4D5F-8498-432C9BFFF9BA}.Debug|Any CPU.ActiveCfg = Debug|iPhone
		{A44EF9B5-C54D-4D5F-8498-432C9BFFF9BA}.Debug|iPhone.ActiveCfg = Debug|iPhone
		{A44EF9B5-C54D-4D5F-8498-432C9BFFF9BA}.Debug|iPhone.Build.0 = Debug|iPhone
		{A44EF9B5-C54D-4D5F-8498-432C9BFFF9BA}.Debug|iPhoneSimulator.ActiveCfg = Debug|iPhoneSimulator
		{A44EF9B5-C54D-4D5F-8498-432C9BFFF9BA}.Debug|iPhoneSimulator.Build.0 = Debug|iPhoneSimulator
		{A44EF9B5-C54D-4D5F-8498-432C9BFFF9BA}.Release|Any CPU.ActiveCfg = Release|iPhone
		{A44EF9B5-C54D-4D5F-8498-432C9BFFF9BA}.Release|iPhone.ActiveCfg = Release|iPhone
		{A44EF9B5-C54D-4D5F-8498-432C9BFFF9BA}.Release|iPhone.Build.0 = Release|iPhone
		{A44EF9B5-C54D-4D5F-8498-432C9BFFF9BA}.Release|iPhoneSimulator.ActiveCfg = Release|iPhoneSimulator
		{A44EF9B5-C54D-4D5F-8498-432C9BFFF9BA}.Release|iPhoneSimulator.Build.0 = Release|iPhoneSimulator
		{D60D9124-EA45-44A7-A560-58461E8ED18A}.Ad-Hoc|Any CPU.ActiveCfg = Debug|Any CPU
		{D60D9124-EA45-44A7-A560-58461E8ED18A}.Ad-Hoc|Any CPU.Build.0 = Debug|Any CPU
		{D60D9124-EA45-44A7-A560-58461E8ED18A}.Ad-Hoc|iPhone.ActiveCfg = Debug|Any CPU
		{D60D9124-EA45-44A7-A560-58461E8ED18A}.Ad-Hoc|iPhone.Build.0 = Debug|Any CPU
		{D60D9124-EA45-44A7-A560-58461E8ED18A}.Ad-Hoc|iPhoneSimulator.ActiveCfg = Debug|Any CPU
		{D60D9124-EA45-44A7-A560-58461E8ED18A}.Ad-Hoc|iPhoneSimulator.Build.0 = Debug|Any CPU
		{D60D9124-EA45-44A7-A560-58461E8ED18A}.AppStore|Any CPU.ActiveCfg = Debug|Any CPU
		{D60D9124-EA45-44A7-A560-58461E8ED18A}.AppStore|Any CPU.Build.0 = Debug|Any CPU
		{D60D9124-EA45-44A7-A560-58461E8ED18A}.AppStore|iPhone.ActiveCfg = Debug|Any CPU
		{D60D9124-EA45-44A7-A560-58461E8ED18A}.AppStore|iPhone.Build.0 = Debug|Any CPU
		{D60D9124-EA45-44A7-A560-58461E8ED18A}.AppStore|iPhoneSimulator.ActiveCfg = Debug|Any CPU
		{D60D9124-EA45-44A7-A560-58461E8ED18A}.AppStore|iPhoneSimulator.Build.0 = Debug|Any CPU
		{D60D9124-EA45-44A7-A560-58461E8ED18A}.Debug|Any CPU.ActiveCfg = Debug|Any CPU
		{D60D9124-EA45-44A7-A560-58461E8ED18A}.Debug|Any CPU.Build.0 = Debug|Any CPU
		{D60D9124-EA45-44A7-A560-58461E8ED18A}.Debug|iPhone.ActiveCfg = Debug|Any CPU
		{D60D9124-EA45-44A7-A560-58461E8ED18A}.Debug|iPhone.Build.0 = Debug|Any CPU
		{D60D9124-EA45-44A7-A560-58461E8ED18A}.Debug|iPhoneSimulator.ActiveCfg = Debug|Any CPU
		{D60D9124-EA45-44A7-A560-58461E8ED18A}.Debug|iPhoneSimulator.Build.0 = Debug|Any CPU
		{D60D9124-EA45-44A7-A560-58461E8ED18A}.Release|Any CPU.ActiveCfg = Release|Any CPU
		{D60D9124-EA45-44A7-A560-58461E8ED18A}.Release|Any CPU.Build.0 = Release|Any CPU
		{D60D9124-EA45-44A7-A560-58461E8ED18A}.Release|iPhone.ActiveCfg = Release|Any CPU
		{D60D9124-EA45-44A7-A560-58461E8ED18A}.Release|iPhone.Build.0 = Release|Any CPU
		{D60D9124-EA45-44A7-A560-58461E8ED18A}.Release|iPhoneSimulator.ActiveCfg = Release|Any CPU
		{D60D9124-EA45-44A7-A560-58461E8ED18A}.Release|iPhoneSimulator.Build.0 = Release|Any CPU
	EndGlobalSection
	GlobalSection(SolutionProperties) = preSolution
		HideSolutionNode = FALSE
	EndGlobalSection
	GlobalSection(ExtensibilityGlobals) = postSolution
		SolutionGuid = {E306DEA8-CB72-47D6-9B1B-BBFC1D37D382}
	EndGlobalSection
EndGlobal
