
Microsoft Visual Studio Solution File, Format Version 12.00
# Visual Studio 15
VisualStudioVersion = 15.0.27703.2026
MinimumVisualStudioVersion = 10.0.40219.1
Project("{FAE04EC0-301F-11D3-BF4B-00C04F79EFBC}") = "RgPopupDemo.Android", "RgPopupDemo\RgPopupDemo.Android\RgPopupDemo.Android.csproj", "{C01E89F1-2D3E-42AE-A4E8-8802EA165E87}"
EndProject
Project("{FAE04EC0-301F-11D3-BF4B-00C04F79EFBC}") = "RgPopupDemo.iOS", "RgPopupDemo\RgPopupDemo.iOS\RgPopupDemo.iOS.csproj", "{3567E657-CC4A-4CBF-AAB3-8C926C5145F3}"
EndProject
Project("{FAE04EC0-301F-11D3-BF4B-00C04F79EFBC}") = "RgPopupDemo", "RgPopupDemo\RgPopupDemo\RgPopupDemo.csproj", "{4107DD09-20D5-4E54-B9EA-688AA4D355E6}"
EndProject
Global
	GlobalSection(SolutionConfigurationPlatforms) = preSolution
		Ad-Hoc|Any CPU = Ad-Hoc|Any CPU
		Ad-Hoc|iPhone = Ad-Hoc|iPhone
		Ad-Hoc|iPhoneSimulator = Ad-Hoc|iPhoneSimulator
		AppStore|Any CPU = AppStore|Any CPU
		AppStore|iPhone = AppStore|iPhone
		AppStore|iPhoneSimulator = AppStore|iPhoneSimulator
		Debug|Any CPU = Debug|Any CPU
		Debug|iPhone = Debug|iPhone
		Debug|iPhoneSimulator = Debug|iPhoneSimulator
		Release|Any CPU = Release|Any CPU
		Release|iPhone = Release|iPhone
		Release|iPhoneSimulator = Release|iPhoneSimulator
	EndGlobalSection
	GlobalSection(ProjectConfigurationPlatforms) = postSolution
		{C01E89F1-2D3E-42AE-A4E8-8802EA165E87}.Ad-Hoc|Any CPU.ActiveCfg = Release|Any CPU
		{C01E89F1-2D3E-42AE-A4E8-8802EA165E87}.Ad-Hoc|Any CPU.Build.0 = Release|Any CPU
		{C01E89F1-2D3E-42AE-A4E8-8802EA165E87}.Ad-Hoc|Any CPU.Deploy.0 = Release|Any CPU
		{C01E89F1-2D3E-42AE-A4E8-8802EA165E87}.Ad-Hoc|iPhone.ActiveCfg = Release|Any CPU
		{C01E89F1-2D3E-42AE-A4E8-8802EA165E87}.Ad-Hoc|iPhone.Build.0 = Release|Any CPU
		{C01E89F1-2D3E-42AE-A4E8-8802EA165E87}.Ad-Hoc|iPhone.Deploy.0 = Release|Any CPU
		{C01E89F1-2D3E-42AE-A4E8-8802EA165E87}.Ad-Hoc|iPhoneSimulator.ActiveCfg = Release|Any CPU
		{C01E89F1-2D3E-42AE-A4E8-8802EA165E87}.Ad-Hoc|iPhoneSimulator.Build.0 = Release|Any CPU
		{C01E89F1-2D3E-42AE-A4E8-8802EA165E87}.Ad-Hoc|iPhoneSimulator.Deploy.0 = Release|Any CPU
		{C01E89F1-2D3E-42AE-A4E8-8802EA165E87}.AppStore|Any CPU.ActiveCfg = Release|Any CPU
		{C01E89F1-2D3E-42AE-A4E8-8802EA165E87}.AppStore|Any CPU.Build.0 = Release|Any CPU
		{C01E89F1-2D3E-42AE-A4E8-8802EA165E87}.AppStore|Any CPU.Deploy.0 = Release|Any CPU
		{C01E89F1-2D3E-42AE-A4E8-8802EA165E87}.AppStore|iPhone.ActiveCfg = Release|Any CPU
		{C01E89F1-2D3E-42AE-A4E8-8802EA165E87}.AppStore|iPhone.Build.0 = Release|Any CPU
		{C01E89F1-2D3E-42AE-A4E8-8802EA165E87}.AppStore|iPhone.Deploy.0 = Release|Any CPU
		{C01E89F1-2D3E-42AE-A4E8-8802EA165E87}.AppStore|iPhoneSimulator.ActiveCfg = Release|Any CPU
		{C01E89F1-2D3E-42AE-A4E8-8802EA165E87}.AppStore|iPhoneSimulator.Build.0 = Release|Any CPU
		{C01E89F1-2D3E-42AE-A4E8-8802EA165E87}.AppStore|iPhoneSimulator.Deploy.0 = Release|Any CPU
		{C01E89F1-2D3E-42AE-A4E8-8802EA165E87}.Debug|Any CPU.ActiveCfg = Debug|Any CPU
		{C01E89F1-2D3E-42AE-A4E8-8802EA165E87}.Debug|Any CPU.Build.0 = Debug|Any CPU
		{C01E89F1-2D3E-42AE-A4E8-8802EA165E87}.Debug|Any CPU.Deploy.0 = Debug|Any CPU
		{C01E89F1-2D3E-42AE-A4E8-8802EA165E87}.Debug|iPhone.ActiveCfg = Debug|Any CPU
		{C01E89F1-2D3E-42AE-A4E8-8802EA165E87}.Debug|iPhone.Build.0 = Debug|Any CPU
		{C01E89F1-2D3E-42AE-A4E8-8802EA165E87}.Debug|iPhone.Deploy.0 = Debug|Any CPU
		{C01E89F1-2D3E-42AE-A4E8-8802EA165E87}.Debug|iPhoneSimulator.ActiveCfg = Debug|Any CPU
		{C01E89F1-2D3E-42AE-A4E8-8802EA165E87}.Debug|iPhoneSimulator.Build.0 = Debug|Any CPU
		{C01E89F1-2D3E-42AE-A4E8-8802EA165E87}.Debug|iPhoneSimulator.Deploy.0 = Debug|Any CPU
		{C01E89F1-2D3E-42AE-A4E8-8802EA165E87}.Release|Any CPU.ActiveCfg = Release|Any CPU
		{C01E89F1-2D3E-42AE-A4E8-8802EA165E87}.Release|Any CPU.Build.0 = Release|Any CPU
		{C01E89F1-2D3E-42AE-A4E8-8802EA165E87}.Release|Any CPU.Deploy.0 = Release|Any CPU
		{C01E89F1-2D3E-42AE-A4E8-8802EA165E87}.Release|iPhone.ActiveCfg = Release|Any CPU
		{C01E89F1-2D3E-42AE-A4E8-8802EA165E87}.Release|iPhone.Build.0 = Release|Any CPU
		{C01E89F1-2D3E-42AE-A4E8-8802EA165E87}.Release|iPhone.Deploy.0 = Release|Any CPU
		{C01E89F1-2D3E-42AE-A4E8-8802EA165E87}.Release|iPhoneSimulator.ActiveCfg = Release|Any CPU
		{C01E89F1-2D3E-42AE-A4E8-8802EA165E87}.Release|iPhoneSimulator.Build.0 = Release|Any CPU
		{C01E89F1-2D3E-42AE-A4E8-8802EA165E87}.Release|iPhoneSimulator.Deploy.0 = Release|Any CPU
		{3567E657-CC4A-4CBF-AAB3-8C926C5145F3}.Ad-Hoc|Any CPU.ActiveCfg = Ad-Hoc|iPhone
		{3567E657-CC4A-4CBF-AAB3-8C926C5145F3}.Ad-Hoc|Any CPU.Build.0 = Ad-Hoc|iPhone
		{3567E657-CC4A-4CBF-AAB3-8C926C5145F3}.Ad-Hoc|Any CPU.Deploy.0 = Ad-Hoc|iPhone
		{3567E657-CC4A-4CBF-AAB3-8C926C5145F3}.Ad-Hoc|iPhone.ActiveCfg = Ad-Hoc|iPhone
		{3567E657-CC4A-4CBF-AAB3-8C926C5145F3}.Ad-Hoc|iPhone.Build.0 = Ad-Hoc|iPhone
		{3567E657-CC4A-4CBF-AAB3-8C926C5145F3}.Ad-Hoc|iPhone.Deploy.0 = Ad-Hoc|iPhone
		{3567E657-CC4A-4CBF-AAB3-8C926C5145F3}.Ad-Hoc|iPhoneSimulator.ActiveCfg = Ad-Hoc|iPhoneSimulator
		{3567E657-CC4A-4CBF-AAB3-8C926C5145F3}.Ad-Hoc|iPhoneSimulator.Build.0 = Ad-Hoc|iPhoneSimulator
		{3567E657-CC4A-4CBF-AAB3-8C926C5145F3}.Ad-Hoc|iPhoneSimulator.Deploy.0 = Ad-Hoc|iPhoneSimulator
		{3567E657-CC4A-4CBF-AAB3-8C926C5145F3}.AppStore|Any CPU.ActiveCfg = AppStore|iPhone
		{3567E657-CC4A-4CBF-AAB3-8C926C5145F3}.AppStore|Any CPU.Build.0 = AppStore|iPhone
		{3567E657-CC4A-4CBF-AAB3-8C926C5145F3}.AppStore|Any CPU.Deploy.0 = AppStore|iPhone
		{3567E657-CC4A-4CBF-AAB3-8C926C5145F3}.AppStore|iPhone.ActiveCfg = AppStore|iPhone
		{3567E657-CC4A-4CBF-AAB3-8C926C5145F3}.AppStore|iPhone.Build.0 = AppStore|iPhone
		{3567E657-CC4A-4CBF-AAB3-8C926C5145F3}.AppStore|iPhone.Deploy.0 = AppStore|iPhone
		{3567E657-CC4A-4CBF-AAB3-8C926C5145F3}.AppStore|iPhoneSimulator.ActiveCfg = AppStore|iPhoneSimulator
		{3567E657-CC4A-4CBF-AAB3-8C926C5145F3}.AppStore|iPhoneSimulator.Build.0 = AppStore|iPhoneSimulator
		{3567E657-CC4A-4CBF-AAB3-8C926C5145F3}.AppStore|iPhoneSimulator.Deploy.0 = AppStore|iPhoneSimulator
		{3567E657-CC4A-4CBF-AAB3-8C926C5145F3}.Debug|Any CPU.ActiveCfg = Debug|iPhoneSimulator
		{3567E657-CC4A-4CBF-AAB3-8C926C5145F3}.Debug|Any CPU.Build.0 = Debug|iPhoneSimulator
		{3567E657-CC4A-4CBF-AAB3-8C926C5145F3}.Debug|Any CPU.Deploy.0 = Debug|iPhoneSimulator
		{3567E657-CC4A-4CBF-AAB3-8C926C5145F3}.Debug|iPhone.ActiveCfg = Debug|iPhone
		{3567E657-CC4A-4CBF-AAB3-8C926C5145F3}.Debug|iPhone.Build.0 = Debug|iPhone
		{3567E657-CC4A-4CBF-AAB3-8C926C5145F3}.Debug|iPhone.Deploy.0 = Debug|iPhone
		{3567E657-CC4A-4CBF-AAB3-8C926C5145F3}.Debug|iPhoneSimulator.ActiveCfg = Debug|iPhoneSimulator
		{3567E657-CC4A-4CBF-AAB3-8C926C5145F3}.Debug|iPhoneSimulator.Build.0 = Debug|iPhoneSimulator
		{3567E657-CC4A-4CBF-AAB3-8C926C5145F3}.Debug|iPhoneSimulator.Deploy.0 = Debug|iPhoneSimulator
		{3567E657-CC4A-4CBF-AAB3-8C926C5145F3}.Release|Any CPU.ActiveCfg = Release|iPhone
		{3567E657-CC4A-4CBF-AAB3-8C926C5145F3}.Release|Any CPU.Build.0 = Release|iPhone
		{3567E657-CC4A-4CBF-AAB3-8C926C5145F3}.Release|Any CPU.Deploy.0 = Release|iPhone
		{3567E657-CC4A-4CBF-AAB3-8C926C5145F3}.Release|iPhone.ActiveCfg = Release|iPhone
		{3567E657-CC4A-4CBF-AAB3-8C926C5145F3}.Release|iPhone.Build.0 = Release|iPhone
		{3567E657-CC4A-4CBF-AAB3-8C926C5145F3}.Release|iPhone.Deploy.0 = Release|iPhone
		{3567E657-CC4A-4CBF-AAB3-8C926C5145F3}.Release|iPhoneSimulator.ActiveCfg = Release|iPhoneSimulator
		{3567E657-CC4A-4CBF-AAB3-8C926C5145F3}.Release|iPhoneSimulator.Build.0 = Release|iPhoneSimulator
		{3567E657-CC4A-4CBF-AAB3-8C926C5145F3}.Release|iPhoneSimulator.Deploy.0 = Release|iPhoneSimulator
		{4107DD09-20D5-4E54-B9EA-688AA4D355E6}.Ad-Hoc|Any CPU.ActiveCfg = Debug|Any CPU
		{4107DD09-20D5-4E54-B9EA-688AA4D355E6}.Ad-Hoc|Any CPU.Build.0 = Debug|Any CPU
		{4107DD09-20D5-4E54-B9EA-688AA4D355E6}.Ad-Hoc|Any CPU.Deploy.0 = Debug|Any CPU
		{4107DD09-20D5-4E54-B9EA-688AA4D355E6}.Ad-Hoc|iPhone.ActiveCfg = Debug|Any CPU
		{4107DD09-20D5-4E54-B9EA-688AA4D355E6}.Ad-Hoc|iPhone.Build.0 = Debug|Any CPU
		{4107DD09-20D5-4E54-B9EA-688AA4D355E6}.Ad-Hoc|iPhone.Deploy.0 = Debug|Any CPU
		{4107DD09-20D5-4E54-B9EA-688AA4D355E6}.Ad-Hoc|iPhoneSimulator.ActiveCfg = Debug|Any CPU
		{4107DD09-20D5-4E54-B9EA-688AA4D355E6}.Ad-Hoc|iPhoneSimulator.Build.0 = Debug|Any CPU
		{4107DD09-20D5-4E54-B9EA-688AA4D355E6}.Ad-Hoc|iPhoneSimulator.Deploy.0 = Debug|Any CPU
		{4107DD09-20D5-4E54-B9EA-688AA4D355E6}.AppStore|Any CPU.ActiveCfg = Debug|Any CPU
		{4107DD09-20D5-4E54-B9EA-688AA4D355E6}.AppStore|Any CPU.Build.0 = Debug|Any CPU
		{4107DD09-20D5-4E54-B9EA-688AA4D355E6}.AppStore|Any CPU.Deploy.0 = Debug|Any CPU
		{4107DD09-20D5-4E54-B9EA-688AA4D355E6}.AppStore|iPhone.ActiveCfg = Debug|Any CPU
		{4107DD09-20D5-4E54-B9EA-688AA4D355E6}.AppStore|iPhone.Build.0 = Debug|Any CPU
		{4107DD09-20D5-4E54-B9EA-688AA4D355E6}.AppStore|iPhone.Deploy.0 = Debug|Any CPU
		{4107DD09-20D5-4E54-B9EA-688AA4D355E6}.AppStore|iPhoneSimulator.ActiveCfg = Debug|Any CPU
		{4107DD09-20D5-4E54-B9EA-688AA4D355E6}.AppStore|iPhoneSimulator.Build.0 = Debug|Any CPU
		{4107DD09-20D5-4E54-B9EA-688AA4D355E6}.AppStore|iPhoneSimulator.Deploy.0 = Debug|Any CPU
		{4107DD09-20D5-4E54-B9EA-688AA4D355E6}.Debug|Any CPU.ActiveCfg = Debug|Any CPU
		{4107DD09-20D5-4E54-B9EA-688AA4D355E6}.Debug|Any CPU.Build.0 = Debug|Any CPU
		{4107DD09-20D5-4E54-B9EA-688AA4D355E6}.Debug|Any CPU.Deploy.0 = Debug|Any CPU
		{4107DD09-20D5-4E54-B9EA-688AA4D355E6}.Debug|iPhone.ActiveCfg = Debug|Any CPU
		{4107DD09-20D5-4E54-B9EA-688AA4D355E6}.Debug|iPhone.Build.0 = Debug|Any CPU
		{4107DD09-20D5-4E54-B9EA-688AA4D355E6}.Debug|iPhone.Deploy.0 = Debug|Any CPU
		{4107DD09-20D5-4E54-B9EA-688AA4D355E6}.Debug|iPhoneSimulator.ActiveCfg = Debug|Any CPU
		{4107DD09-20D5-4E54-B9EA-688AA4D355E6}.Debug|iPhoneSimulator.Build.0 = Debug|Any CPU
		{4107DD09-20D5-4E54-B9EA-688AA4D355E6}.Debug|iPhoneSimulator.Deploy.0 = Debug|Any CPU
		{4107DD09-20D5-4E54-B9EA-688AA4D355E6}.Release|Any CPU.ActiveCfg = Release|Any CPU
		{4107DD09-20D5-4E54-B9EA-688AA4D355E6}.Release|Any CPU.Build.0 = Release|Any CPU
		{4107DD09-20D5-4E54-B9EA-688AA4D355E6}.Release|Any CPU.Deploy.0 = Release|Any CPU
		{4107DD09-20D5-4E54-B9EA-688AA4D355E6}.Release|iPhone.ActiveCfg = Release|Any CPU
		{4107DD09-20D5-4E54-B9EA-688AA4D355E6}.Release|iPhone.Build.0 = Release|Any CPU
		{4107DD09-20D5-4E54-B9EA-688AA4D355E6}.Release|iPhone.Deploy.0 = Release|Any CPU
		{4107DD09-20D5-4E54-B9EA-688AA4D355E6}.Release|iPhoneSimulator.ActiveCfg = Release|Any CPU
		{4107DD09-20D5-4E54-B9EA-688AA4D355E6}.Release|iPhoneSimulator.Build.0 = Release|Any CPU
		{4107DD09-20D5-4E54-B9EA-688AA4D355E6}.Release|iPhoneSimulator.Deploy.0 = Release|Any CPU
	EndGlobalSection
	GlobalSection(SolutionProperties) = preSolution
		HideSolutionNode = FALSE
	EndGlobalSection
	GlobalSection(ExtensibilityGlobals) = postSolution
		SolutionGuid = {92E9E855-9A57-48F9-A325-0F2D12CF5836}
	EndGlobalSection
EndGlobal
