
Microsoft Visual Studio Solution File, Format Version 12.00
# Visual Studio 15
VisualStudioVersion = 15.0.27703.2035
MinimumVisualStudioVersion = 10.0.40219.1
Project("{FAE04EC0-301F-11D3-BF4B-00C04F79EFBC}") = "ZoomImageDemo.Android", "ZoomImageDemo\ZoomImageDemo.Android\ZoomImageDemo.Android.csproj", "{0BB65814-0C73-4240-9EFC-9A62D241C2A3}"
EndProject
Project("{FAE04EC0-301F-11D3-BF4B-00C04F79EFBC}") = "ZoomImageDemo.iOS", "ZoomImageDemo\ZoomImageDemo.iOS\ZoomImageDemo.iOS.csproj", "{54C40AE3-18AA-4248-BFBC-CA2CC627C232}"
EndProject
Project("{FAE04EC0-301F-11D3-BF4B-00C04F79EFBC}") = "ZoomImageDemo", "ZoomImageDemo\ZoomImageDemo\ZoomImageDemo.csproj", "{6D1E6E4C-1C37-4328-BB23-4D62BE668187}"
EndProject
Global
	GlobalSection(SolutionConfigurationPlatforms) = preSolution
		Ad-Hoc|Any CPU = Ad-Hoc|Any CPU
		Ad-Hoc|iPhone = Ad-Hoc|iPhone
		Ad-Hoc|iPhoneSimulator = Ad-Hoc|iPhoneSimulator
		AppStore|Any CPU = AppStore|Any CPU
		AppStore|iPhone = AppStore|iPhone
		AppStore|iPhoneSimulator = AppStore|iPhoneSimulator
		Debug|Any CPU = Debug|Any CPU
		Debug|iPhone = Debug|iPhone
		Debug|iPhoneSimulator = Debug|iPhoneSimulator
		Release|Any CPU = Release|Any CPU
		Release|iPhone = Release|iPhone
		Release|iPhoneSimulator = Release|iPhoneSimulator
	EndGlobalSection
	GlobalSection(ProjectConfigurationPlatforms) = postSolution
		{0BB65814-0C73-4240-9EFC-9A62D241C2A3}.Ad-Hoc|Any CPU.ActiveCfg = Release|Any CPU
		{0BB65814-0C73-4240-9EFC-9A62D241C2A3}.Ad-Hoc|Any CPU.Build.0 = Release|Any CPU
		{0BB65814-0C73-4240-9EFC-9A62D241C2A3}.Ad-Hoc|Any CPU.Deploy.0 = Release|Any CPU
		{0BB65814-0C73-4240-9EFC-9A62D241C2A3}.Ad-Hoc|iPhone.ActiveCfg = Release|Any CPU
		{0BB65814-0C73-4240-9EFC-9A62D241C2A3}.Ad-Hoc|iPhone.Build.0 = Release|Any CPU
		{0BB65814-0C73-4240-9EFC-9A62D241C2A3}.Ad-Hoc|iPhone.Deploy.0 = Release|Any CPU
		{0BB65814-0C73-4240-9EFC-9A62D241C2A3}.Ad-Hoc|iPhoneSimulator.ActiveCfg = Release|Any CPU
		{0BB65814-0C73-4240-9EFC-9A62D241C2A3}.Ad-Hoc|iPhoneSimulator.Build.0 = Release|Any CPU
		{0BB65814-0C73-4240-9EFC-9A62D241C2A3}.Ad-Hoc|iPhoneSimulator.Deploy.0 = Release|Any CPU
		{0BB65814-0C73-4240-9EFC-9A62D241C2A3}.AppStore|Any CPU.ActiveCfg = Release|Any CPU
		{0BB65814-0C73-4240-9EFC-9A62D241C2A3}.AppStore|Any CPU.Build.0 = Release|Any CPU
		{0BB65814-0C73-4240-9EFC-9A62D241C2A3}.AppStore|Any CPU.Deploy.0 = Release|Any CPU
		{0BB65814-0C73-4240-9EFC-9A62D241C2A3}.AppStore|iPhone.ActiveCfg = Release|Any CPU
		{0BB65814-0C73-4240-9EFC-9A62D241C2A3}.AppStore|iPhone.Build.0 = Release|Any CPU
		{0BB65814-0C73-4240-9EFC-9A62D241C2A3}.AppStore|iPhone.Deploy.0 = Release|Any CPU
		{0BB65814-0C73-4240-9EFC-9A62D241C2A3}.AppStore|iPhoneSimulator.ActiveCfg = Release|Any CPU
		{0BB65814-0C73-4240-9EFC-9A62D241C2A3}.AppStore|iPhoneSimulator.Build.0 = Release|Any CPU
		{0BB65814-0C73-4240-9EFC-9A62D241C2A3}.AppStore|iPhoneSimulator.Deploy.0 = Release|Any CPU
		{0BB65814-0C73-4240-9EFC-9A62D241C2A3}.Debug|Any CPU.ActiveCfg = Debug|Any CPU
		{0BB65814-0C73-4240-9EFC-9A62D241C2A3}.Debug|Any CPU.Build.0 = Debug|Any CPU
		{0BB65814-0C73-4240-9EFC-9A62D241C2A3}.Debug|Any CPU.Deploy.0 = Debug|Any CPU
		{0BB65814-0C73-4240-9EFC-9A62D241C2A3}.Debug|iPhone.ActiveCfg = Debug|Any CPU
		{0BB65814-0C73-4240-9EFC-9A62D241C2A3}.Debug|iPhone.Build.0 = Debug|Any CPU
		{0BB65814-0C73-4240-9EFC-9A62D241C2A3}.Debug|iPhone.Deploy.0 = Debug|Any CPU
		{0BB65814-0C73-4240-9EFC-9A62D241C2A3}.Debug|iPhoneSimulator.ActiveCfg = Debug|Any CPU
		{0BB65814-0C73-4240-9EFC-9A62D241C2A3}.Debug|iPhoneSimulator.Build.0 = Debug|Any CPU
		{0BB65814-0C73-4240-9EFC-9A62D241C2A3}.Debug|iPhoneSimulator.Deploy.0 = Debug|Any CPU
		{0BB65814-0C73-4240-9EFC-9A62D241C2A3}.Release|Any CPU.ActiveCfg = Release|Any CPU
		{0BB65814-0C73-4240-9EFC-9A62D241C2A3}.Release|Any CPU.Build.0 = Release|Any CPU
		{0BB65814-0C73-4240-9EFC-9A62D241C2A3}.Release|Any CPU.Deploy.0 = Release|Any CPU
		{0BB65814-0C73-4240-9EFC-9A62D241C2A3}.Release|iPhone.ActiveCfg = Release|Any CPU
		{0BB65814-0C73-4240-9EFC-9A62D241C2A3}.Release|iPhone.Build.0 = Release|Any CPU
		{0BB65814-0C73-4240-9EFC-9A62D241C2A3}.Release|iPhone.Deploy.0 = Release|Any CPU
		{0BB65814-0C73-4240-9EFC-9A62D241C2A3}.Release|iPhoneSimulator.ActiveCfg = Release|Any CPU
		{0BB65814-0C73-4240-9EFC-9A62D241C2A3}.Release|iPhoneSimulator.Build.0 = Release|Any CPU
		{0BB65814-0C73-4240-9EFC-9A62D241C2A3}.Release|iPhoneSimulator.Deploy.0 = Release|Any CPU
		{54C40AE3-18AA-4248-BFBC-CA2CC627C232}.Ad-Hoc|Any CPU.ActiveCfg = Ad-Hoc|iPhone
		{54C40AE3-18AA-4248-BFBC-CA2CC627C232}.Ad-Hoc|Any CPU.Build.0 = Ad-Hoc|iPhone
		{54C40AE3-18AA-4248-BFBC-CA2CC627C232}.Ad-Hoc|Any CPU.Deploy.0 = Ad-Hoc|iPhone
		{54C40AE3-18AA-4248-BFBC-CA2CC627C232}.Ad-Hoc|iPhone.ActiveCfg = Ad-Hoc|iPhone
		{54C40AE3-18AA-4248-BFBC-CA2CC627C232}.Ad-Hoc|iPhone.Build.0 = Ad-Hoc|iPhone
		{54C40AE3-18AA-4248-BFBC-CA2CC627C232}.Ad-Hoc|iPhone.Deploy.0 = Ad-Hoc|iPhone
		{54C40AE3-18AA-4248-BFBC-CA2CC627C232}.Ad-Hoc|iPhoneSimulator.ActiveCfg = Ad-Hoc|iPhoneSimulator
		{54C40AE3-18AA-4248-BFBC-CA2CC627C232}.Ad-Hoc|iPhoneSimulator.Build.0 = Ad-Hoc|iPhoneSimulator
		{54C40AE3-18AA-4248-BFBC-CA2CC627C232}.Ad-Hoc|iPhoneSimulator.Deploy.0 = Ad-Hoc|iPhoneSimulator
		{54C40AE3-18AA-4248-BFBC-CA2CC627C232}.AppStore|Any CPU.ActiveCfg = AppStore|iPhone
		{54C40AE3-18AA-4248-BFBC-CA2CC627C232}.AppStore|Any CPU.Build.0 = AppStore|iPhone
		{54C40AE3-18AA-4248-BFBC-CA2CC627C232}.AppStore|Any CPU.Deploy.0 = AppStore|iPhone
		{54C40AE3-18AA-4248-BFBC-CA2CC627C232}.AppStore|iPhone.ActiveCfg = AppStore|iPhone
		{54C40AE3-18AA-4248-BFBC-CA2CC627C232}.AppStore|iPhone.Build.0 = AppStore|iPhone
		{54C40AE3-18AA-4248-BFBC-CA2CC627C232}.AppStore|iPhone.Deploy.0 = AppStore|iPhone
		{54C40AE3-18AA-4248-BFBC-CA2CC627C232}.AppStore|iPhoneSimulator.ActiveCfg = AppStore|iPhoneSimulator
		{54C40AE3-18AA-4248-BFBC-CA2CC627C232}.AppStore|iPhoneSimulator.Build.0 = AppStore|iPhoneSimulator
		{54C40AE3-18AA-4248-BFBC-CA2CC627C232}.AppStore|iPhoneSimulator.Deploy.0 = AppStore|iPhoneSimulator
		{54C40AE3-18AA-4248-BFBC-CA2CC627C232}.Debug|Any CPU.ActiveCfg = Debug|iPhoneSimulator
		{54C40AE3-18AA-4248-BFBC-CA2CC627C232}.Debug|Any CPU.Build.0 = Debug|iPhoneSimulator
		{54C40AE3-18AA-4248-BFBC-CA2CC627C232}.Debug|Any CPU.Deploy.0 = Debug|iPhoneSimulator
		{54C40AE3-18AA-4248-BFBC-CA2CC627C232}.Debug|iPhone.ActiveCfg = Debug|iPhone
		{54C40AE3-18AA-4248-BFBC-CA2CC627C232}.Debug|iPhone.Build.0 = Debug|iPhone
		{54C40AE3-18AA-4248-BFBC-CA2CC627C232}.Debug|iPhone.Deploy.0 = Debug|iPhone
		{54C40AE3-18AA-4248-BFBC-CA2CC627C232}.Debug|iPhoneSimulator.ActiveCfg = Debug|iPhoneSimulator
		{54C40AE3-18AA-4248-BFBC-CA2CC627C232}.Debug|iPhoneSimulator.Build.0 = Debug|iPhoneSimulator
		{54C40AE3-18AA-4248-BFBC-CA2CC627C232}.Debug|iPhoneSimulator.Deploy.0 = Debug|iPhoneSimulator
		{54C40AE3-18AA-4248-BFBC-CA2CC627C232}.Release|Any CPU.ActiveCfg = Release|iPhone
		{54C40AE3-18AA-4248-BFBC-CA2CC627C232}.Release|Any CPU.Build.0 = Release|iPhone
		{54C40AE3-18AA-4248-BFBC-CA2CC627C232}.Release|Any CPU.Deploy.0 = Release|iPhone
		{54C40AE3-18AA-4248-BFBC-CA2CC627C232}.Release|iPhone.ActiveCfg = Release|iPhone
		{54C40AE3-18AA-4248-BFBC-CA2CC627C232}.Release|iPhone.Build.0 = Release|iPhone
		{54C40AE3-18AA-4248-BFBC-CA2CC627C232}.Release|iPhone.Deploy.0 = Release|iPhone
		{54C40AE3-18AA-4248-BFBC-CA2CC627C232}.Release|iPhoneSimulator.ActiveCfg = Release|iPhoneSimulator
		{54C40AE3-18AA-4248-BFBC-CA2CC627C232}.Release|iPhoneSimulator.Build.0 = Release|iPhoneSimulator
		{54C40AE3-18AA-4248-BFBC-CA2CC627C232}.Release|iPhoneSimulator.Deploy.0 = Release|iPhoneSimulator
		{6D1E6E4C-1C37-4328-BB23-4D62BE668187}.Ad-Hoc|Any CPU.ActiveCfg = Debug|Any CPU
		{6D1E6E4C-1C37-4328-BB23-4D62BE668187}.Ad-Hoc|Any CPU.Build.0 = Debug|Any CPU
		{6D1E6E4C-1C37-4328-BB23-4D62BE668187}.Ad-Hoc|Any CPU.Deploy.0 = Debug|Any CPU
		{6D1E6E4C-1C37-4328-BB23-4D62BE668187}.Ad-Hoc|iPhone.ActiveCfg = Debug|Any CPU
		{6D1E6E4C-1C37-4328-BB23-4D62BE668187}.Ad-Hoc|iPhone.Build.0 = Debug|Any CPU
		{6D1E6E4C-1C37-4328-BB23-4D62BE668187}.Ad-Hoc|iPhone.Deploy.0 = Debug|Any CPU
		{6D1E6E4C-1C37-4328-BB23-4D62BE668187}.Ad-Hoc|iPhoneSimulator.ActiveCfg = Debug|Any CPU
		{6D1E6E4C-1C37-4328-BB23-4D62BE668187}.Ad-Hoc|iPhoneSimulator.Build.0 = Debug|Any CPU
		{6D1E6E4C-1C37-4328-BB23-4D62BE668187}.Ad-Hoc|iPhoneSimulator.Deploy.0 = Debug|Any CPU
		{6D1E6E4C-1C37-4328-BB23-4D62BE668187}.AppStore|Any CPU.ActiveCfg = Debug|Any CPU
		{6D1E6E4C-1C37-4328-BB23-4D62BE668187}.AppStore|Any CPU.Build.0 = Debug|Any CPU
		{6D1E6E4C-1C37-4328-BB23-4D62BE668187}.AppStore|Any CPU.Deploy.0 = Debug|Any CPU
		{6D1E6E4C-1C37-4328-BB23-4D62BE668187}.AppStore|iPhone.ActiveCfg = Debug|Any CPU
		{6D1E6E4C-1C37-4328-BB23-4D62BE668187}.AppStore|iPhone.Build.0 = Debug|Any CPU
		{6D1E6E4C-1C37-4328-BB23-4D62BE668187}.AppStore|iPhone.Deploy.0 = Debug|Any CPU
		{6D1E6E4C-1C37-4328-BB23-4D62BE668187}.AppStore|iPhoneSimulator.ActiveCfg = Debug|Any CPU
		{6D1E6E4C-1C37-4328-BB23-4D62BE668187}.AppStore|iPhoneSimulator.Build.0 = Debug|Any CPU
		{6D1E6E4C-1C37-4328-BB23-4D62BE668187}.AppStore|iPhoneSimulator.Deploy.0 = Debug|Any CPU
		{6D1E6E4C-1C37-4328-BB23-4D62BE668187}.Debug|Any CPU.ActiveCfg = Debug|Any CPU
		{6D1E6E4C-1C37-4328-BB23-4D62BE668187}.Debug|Any CPU.Build.0 = Debug|Any CPU
		{6D1E6E4C-1C37-4328-BB23-4D62BE668187}.Debug|Any CPU.Deploy.0 = Debug|Any CPU
		{6D1E6E4C-1C37-4328-BB23-4D62BE668187}.Debug|iPhone.ActiveCfg = Debug|Any CPU
		{6D1E6E4C-1C37-4328-BB23-4D62BE668187}.Debug|iPhone.Build.0 = Debug|Any CPU
		{6D1E6E4C-1C37-4328-BB23-4D62BE668187}.Debug|iPhone.Deploy.0 = Debug|Any CPU
		{6D1E6E4C-1C37-4328-BB23-4D62BE668187}.Debug|iPhoneSimulator.ActiveCfg = Debug|Any CPU
		{6D1E6E4C-1C37-4328-BB23-4D62BE668187}.Debug|iPhoneSimulator.Build.0 = Debug|Any CPU
		{6D1E6E4C-1C37-4328-BB23-4D62BE668187}.Debug|iPhoneSimulator.Deploy.0 = Debug|Any CPU
		{6D1E6E4C-1C37-4328-BB23-4D62BE668187}.Release|Any CPU.ActiveCfg = Release|Any CPU
		{6D1E6E4C-1C37-4328-BB23-4D62BE668187}.Release|Any CPU.Build.0 = Release|Any CPU
		{6D1E6E4C-1C37-4328-BB23-4D62BE668187}.Release|Any CPU.Deploy.0 = Release|Any CPU
		{6D1E6E4C-1C37-4328-BB23-4D62BE668187}.Release|iPhone.ActiveCfg = Release|Any CPU
		{6D1E6E4C-1C37-4328-BB23-4D62BE668187}.Release|iPhone.Build.0 = Release|Any CPU
		{6D1E6E4C-1C37-4328-BB23-4D62BE668187}.Release|iPhone.Deploy.0 = Release|Any CPU
		{6D1E6E4C-1C37-4328-BB23-4D62BE668187}.Release|iPhoneSimulator.ActiveCfg = Release|Any CPU
		{6D1E6E4C-1C37-4328-BB23-4D62BE668187}.Release|iPhoneSimulator.Build.0 = Release|Any CPU
		{6D1E6E4C-1C37-4328-BB23-4D62BE668187}.Release|iPhoneSimulator.Deploy.0 = Release|Any CPU
	EndGlobalSection
	GlobalSection(SolutionProperties) = preSolution
		HideSolutionNode = FALSE
	EndGlobalSection
	GlobalSection(ExtensibilityGlobals) = postSolution
		SolutionGuid = {DC2665CA-7296-4E7F-B3E8-DE8093871CD7}
	EndGlobalSection
EndGlobal
