
Microsoft Visual Studio Solution File, Format Version 12.00
# Visual Studio 15
VisualStudioVersion = 15.0.27130.2024
MinimumVisualStudioVersion = 10.0.40219.1
Project("{FAE04EC0-301F-11D3-BF4B-00C04F79EFBC}") = "App1.Android", "App1\App1.Android\App1.Android.csproj", "{508D2580-656B-49D2-BAD6-CD2ED15FE0EA}"
EndProject
Project("{FAE04EC0-301F-11D3-BF4B-00C04F79EFBC}") = "App1.iOS", "App1\App1.iOS\App1.iOS.csproj", "{6AFAEA8A-9BE6-480A-8526-A097887C71A5}"
EndProject
Project("{FAE04EC0-301F-11D3-BF4B-00C04F79EFBC}") = "App1", "App1\App1\App1.csproj", "{2B452AD6-4D0D-4631-B9FC-5E196AB09DE4}"
EndProject
Global
	GlobalSection(SolutionConfigurationPlatforms) = preSolution
		Ad-Hoc|Any CPU = Ad-Hoc|Any CPU
		Ad-Hoc|iPhone = Ad-Hoc|iPhone
		Ad-Hoc|iPhoneSimulator = Ad-Hoc|iPhoneSimulator
		AppStore|Any CPU = AppStore|Any CPU
		AppStore|iPhone = AppStore|iPhone
		AppStore|iPhoneSimulator = AppStore|iPhoneSimulator
		Debug|Any CPU = Debug|Any CPU
		Debug|iPhone = Debug|iPhone
		Debug|iPhoneSimulator = Debug|iPhoneSimulator
		Release|Any CPU = Release|Any CPU
		Release|iPhone = Release|iPhone
		Release|iPhoneSimulator = Release|iPhoneSimulator
	EndGlobalSection
	GlobalSection(ProjectConfigurationPlatforms) = postSolution
		{508D2580-656B-49D2-BAD6-CD2ED15FE0EA}.Ad-Hoc|Any CPU.ActiveCfg = Release|Any CPU
		{508D2580-656B-49D2-BAD6-CD2ED15FE0EA}.Ad-Hoc|Any CPU.Build.0 = Release|Any CPU
		{508D2580-656B-49D2-BAD6-CD2ED15FE0EA}.Ad-Hoc|Any CPU.Deploy.0 = Release|Any CPU
		{508D2580-656B-49D2-BAD6-CD2ED15FE0EA}.Ad-Hoc|iPhone.ActiveCfg = Release|Any CPU
		{508D2580-656B-49D2-BAD6-CD2ED15FE0EA}.Ad-Hoc|iPhone.Build.0 = Release|Any CPU
		{508D2580-656B-49D2-BAD6-CD2ED15FE0EA}.Ad-Hoc|iPhone.Deploy.0 = Release|Any CPU
		{508D2580-656B-49D2-BAD6-CD2ED15FE0EA}.Ad-Hoc|iPhoneSimulator.ActiveCfg = Release|Any CPU
		{508D2580-656B-49D2-BAD6-CD2ED15FE0EA}.Ad-Hoc|iPhoneSimulator.Build.0 = Release|Any CPU
		{508D2580-656B-49D2-BAD6-CD2ED15FE0EA}.Ad-Hoc|iPhoneSimulator.Deploy.0 = Release|Any CPU
		{508D2580-656B-49D2-BAD6-CD2ED15FE0EA}.AppStore|Any CPU.ActiveCfg = Release|Any CPU
		{508D2580-656B-49D2-BAD6-CD2ED15FE0EA}.AppStore|Any CPU.Build.0 = Release|Any CPU
		{508D2580-656B-49D2-BAD6-CD2ED15FE0EA}.AppStore|Any CPU.Deploy.0 = Release|Any CPU
		{508D2580-656B-49D2-BAD6-CD2ED15FE0EA}.AppStore|iPhone.ActiveCfg = Release|Any CPU
		{508D2580-656B-49D2-BAD6-CD2ED15FE0EA}.AppStore|iPhone.Build.0 = Release|Any CPU
		{508D2580-656B-49D2-BAD6-CD2ED15FE0EA}.AppStore|iPhone.Deploy.0 = Release|Any CPU
		{508D2580-656B-49D2-BAD6-CD2ED15FE0EA}.AppStore|iPhoneSimulator.ActiveCfg = Release|Any CPU
		{508D2580-656B-49D2-BAD6-CD2ED15FE0EA}.AppStore|iPhoneSimulator.Build.0 = Release|Any CPU
		{508D2580-656B-49D2-BAD6-CD2ED15FE0EA}.AppStore|iPhoneSimulator.Deploy.0 = Release|Any CPU
		{508D2580-656B-49D2-BAD6-CD2ED15FE0EA}.Debug|Any CPU.ActiveCfg = Debug|Any CPU
		{508D2580-656B-49D2-BAD6-CD2ED15FE0EA}.Debug|Any CPU.Build.0 = Debug|Any CPU
		{508D2580-656B-49D2-BAD6-CD2ED15FE0EA}.Debug|Any CPU.Deploy.0 = Debug|Any CPU
		{508D2580-656B-49D2-BAD6-CD2ED15FE0EA}.Debug|iPhone.ActiveCfg = Debug|Any CPU
		{508D2580-656B-49D2-BAD6-CD2ED15FE0EA}.Debug|iPhone.Build.0 = Debug|Any CPU
		{508D2580-656B-49D2-BAD6-CD2ED15FE0EA}.Debug|iPhone.Deploy.0 = Debug|Any CPU
		{508D2580-656B-49D2-BAD6-CD2ED15FE0EA}.Debug|iPhoneSimulator.ActiveCfg = Debug|Any CPU
		{508D2580-656B-49D2-BAD6-CD2ED15FE0EA}.Debug|iPhoneSimulator.Build.0 = Debug|Any CPU
		{508D2580-656B-49D2-BAD6-CD2ED15FE0EA}.Debug|iPhoneSimulator.Deploy.0 = Debug|Any CPU
		{508D2580-656B-49D2-BAD6-CD2ED15FE0EA}.Release|Any CPU.ActiveCfg = Release|Any CPU
		{508D2580-656B-49D2-BAD6-CD2ED15FE0EA}.Release|Any CPU.Build.0 = Release|Any CPU
		{508D2580-656B-49D2-BAD6-CD2ED15FE0EA}.Release|Any CPU.Deploy.0 = Release|Any CPU
		{508D2580-656B-49D2-BAD6-CD2ED15FE0EA}.Release|iPhone.ActiveCfg = Release|Any CPU
		{508D2580-656B-49D2-BAD6-CD2ED15FE0EA}.Release|iPhone.Build.0 = Release|Any CPU
		{508D2580-656B-49D2-BAD6-CD2ED15FE0EA}.Release|iPhone.Deploy.0 = Release|Any CPU
		{508D2580-656B-49D2-BAD6-CD2ED15FE0EA}.Release|iPhoneSimulator.ActiveCfg = Release|Any CPU
		{508D2580-656B-49D2-BAD6-CD2ED15FE0EA}.Release|iPhoneSimulator.Build.0 = Release|Any CPU
		{508D2580-656B-49D2-BAD6-CD2ED15FE0EA}.Release|iPhoneSimulator.Deploy.0 = Release|Any CPU
		{6AFAEA8A-9BE6-480A-8526-A097887C71A5}.Ad-Hoc|Any CPU.ActiveCfg = Ad-Hoc|iPhone
		{6AFAEA8A-9BE6-480A-8526-A097887C71A5}.Ad-Hoc|iPhone.ActiveCfg = Ad-Hoc|iPhone
		{6AFAEA8A-9BE6-480A-8526-A097887C71A5}.Ad-Hoc|iPhone.Build.0 = Ad-Hoc|iPhone
		{6AFAEA8A-9BE6-480A-8526-A097887C71A5}.Ad-Hoc|iPhoneSimulator.ActiveCfg = Ad-Hoc|iPhoneSimulator
		{6AFAEA8A-9BE6-480A-8526-A097887C71A5}.Ad-Hoc|iPhoneSimulator.Build.0 = Ad-Hoc|iPhoneSimulator
		{6AFAEA8A-9BE6-480A-8526-A097887C71A5}.AppStore|Any CPU.ActiveCfg = AppStore|iPhone
		{6AFAEA8A-9BE6-480A-8526-A097887C71A5}.AppStore|iPhone.ActiveCfg = AppStore|iPhone
		{6AFAEA8A-9BE6-480A-8526-A097887C71A5}.AppStore|iPhone.Build.0 = AppStore|iPhone
		{6AFAEA8A-9BE6-480A-8526-A097887C71A5}.AppStore|iPhoneSimulator.ActiveCfg = AppStore|iPhoneSimulator
		{6AFAEA8A-9BE6-480A-8526-A097887C71A5}.AppStore|iPhoneSimulator.Build.0 = AppStore|iPhoneSimulator
		{6AFAEA8A-9BE6-480A-8526-A097887C71A5}.Debug|Any CPU.ActiveCfg = Debug|iPhone
		{6AFAEA8A-9BE6-480A-8526-A097887C71A5}.Debug|iPhone.ActiveCfg = Debug|iPhone
		{6AFAEA8A-9BE6-480A-8526-A097887C71A5}.Debug|iPhone.Build.0 = Debug|iPhone
		{6AFAEA8A-9BE6-480A-8526-A097887C71A5}.Debug|iPhoneSimulator.ActiveCfg = Debug|iPhoneSimulator
		{6AFAEA8A-9BE6-480A-8526-A097887C71A5}.Debug|iPhoneSimulator.Build.0 = Debug|iPhoneSimulator
		{6AFAEA8A-9BE6-480A-8526-A097887C71A5}.Release|Any CPU.ActiveCfg = Release|iPhone
		{6AFAEA8A-9BE6-480A-8526-A097887C71A5}.Release|iPhone.ActiveCfg = Release|iPhone
		{6AFAEA8A-9BE6-480A-8526-A097887C71A5}.Release|iPhone.Build.0 = Release|iPhone
		{6AFAEA8A-9BE6-480A-8526-A097887C71A5}.Release|iPhoneSimulator.ActiveCfg = Release|iPhoneSimulator
		{6AFAEA8A-9BE6-480A-8526-A097887C71A5}.Release|iPhoneSimulator.Build.0 = Release|iPhoneSimulator
		{2B452AD6-4D0D-4631-B9FC-5E196AB09DE4}.Ad-Hoc|Any CPU.ActiveCfg = Debug|Any CPU
		{2B452AD6-4D0D-4631-B9FC-5E196AB09DE4}.Ad-Hoc|Any CPU.Build.0 = Debug|Any CPU
		{2B452AD6-4D0D-4631-B9FC-5E196AB09DE4}.Ad-Hoc|iPhone.ActiveCfg = Debug|Any CPU
		{2B452AD6-4D0D-4631-B9FC-5E196AB09DE4}.Ad-Hoc|iPhone.Build.0 = Debug|Any CPU
		{2B452AD6-4D0D-4631-B9FC-5E196AB09DE4}.Ad-Hoc|iPhoneSimulator.ActiveCfg = Debug|Any CPU
		{2B452AD6-4D0D-4631-B9FC-5E196AB09DE4}.Ad-Hoc|iPhoneSimulator.Build.0 = Debug|Any CPU
		{2B452AD6-4D0D-4631-B9FC-5E196AB09DE4}.AppStore|Any CPU.ActiveCfg = Debug|Any CPU
		{2B452AD6-4D0D-4631-B9FC-5E196AB09DE4}.AppStore|Any CPU.Build.0 = Debug|Any CPU
		{2B452AD6-4D0D-4631-B9FC-5E196AB09DE4}.AppStore|iPhone.ActiveCfg = Debug|Any CPU
		{2B452AD6-4D0D-4631-B9FC-5E196AB09DE4}.AppStore|iPhone.Build.0 = Debug|Any CPU
		{2B452AD6-4D0D-4631-B9FC-5E196AB09DE4}.AppStore|iPhoneSimulator.ActiveCfg = Debug|Any CPU
		{2B452AD6-4D0D-4631-B9FC-5E196AB09DE4}.AppStore|iPhoneSimulator.Build.0 = Debug|Any CPU
		{2B452AD6-4D0D-4631-B9FC-5E196AB09DE4}.Debug|Any CPU.ActiveCfg = Debug|Any CPU
		{2B452AD6-4D0D-4631-B9FC-5E196AB09DE4}.Debug|Any CPU.Build.0 = Debug|Any CPU
		{2B452AD6-4D0D-4631-B9FC-5E196AB09DE4}.Debug|iPhone.ActiveCfg = Debug|Any CPU
		{2B452AD6-4D0D-4631-B9FC-5E196AB09DE4}.Debug|iPhone.Build.0 = Debug|Any CPU
		{2B452AD6-4D0D-4631-B9FC-5E196AB09DE4}.Debug|iPhoneSimulator.ActiveCfg = Debug|Any CPU
		{2B452AD6-4D0D-4631-B9FC-5E196AB09DE4}.Debug|iPhoneSimulator.Build.0 = Debug|Any CPU
		{2B452AD6-4D0D-4631-B9FC-5E196AB09DE4}.Release|Any CPU.ActiveCfg = Release|Any CPU
		{2B452AD6-4D0D-4631-B9FC-5E196AB09DE4}.Release|Any CPU.Build.0 = Release|Any CPU
		{2B452AD6-4D0D-4631-B9FC-5E196AB09DE4}.Release|iPhone.ActiveCfg = Release|Any CPU
		{2B452AD6-4D0D-4631-B9FC-5E196AB09DE4}.Release|iPhone.Build.0 = Release|Any CPU
		{2B452AD6-4D0D-4631-B9FC-5E196AB09DE4}.Release|iPhoneSimulator.ActiveCfg = Release|Any CPU
		{2B452AD6-4D0D-4631-B9FC-5E196AB09DE4}.Release|iPhoneSimulator.Build.0 = Release|Any CPU
	EndGlobalSection
	GlobalSection(SolutionProperties) = preSolution
		HideSolutionNode = FALSE
	EndGlobalSection
	GlobalSection(ExtensibilityGlobals) = postSolution
		SolutionGuid = {DD86C817-8327-4389-99CA-4623135D681C}
	EndGlobalSection
EndGlobal
