
Microsoft Visual Studio Solution File, Format Version 12.00
# Visual Studio 15
Project("{FAE04EC0-301F-11D3-BF4B-00C04F79EFBC}") = "CodeSnippet_Sample.Android", "CodeSnippet_Sample.Android\CodeSnippet_Sample.Android.csproj", "{27114B1B-F73D-419B-AE64-7C017E727D4A}"
EndProject
Project("{FAE04EC0-301F-11D3-BF4B-00C04F79EFBC}") = "CodeSnippet_Sample.iOS", "CodeSnippet_Sample.iOS\CodeSnippet_Sample.iOS.csproj", "{CFC0553B-FC14-462F-B186-ABF93C58D3D4}"
EndProject
Project("{FAE04EC0-301F-11D3-BF4B-00C04F79EFBC}") = "CodeSnippet_Sample", "CodeSnippet_Sample\CodeSnippet_Sample.csproj", "{C6757536-347A-47D7-B70A-19B6C2859785}"
EndProject
Global
	GlobalSection(SolutionConfigurationPlatforms) = preSolution
		Debug|Any CPU = Debug|Any CPU
		Release|Any CPU = Release|Any CPU
		Debug|iPhoneSimulator = Debug|iPhoneSimulator
		Release|iPhoneSimulator = Release|iPhoneSimulator
		Debug|iPhone = Debug|iPhone
		Release|iPhone = Release|iPhone
	EndGlobalSection
	GlobalSection(ProjectConfigurationPlatforms) = postSolution
		{27114B1B-F73D-419B-AE64-7C017E727D4A}.Debug|Any CPU.ActiveCfg = Debug|Any CPU
		{27114B1B-F73D-419B-AE64-7C017E727D4A}.Debug|Any CPU.Build.0 = Debug|Any CPU
		{27114B1B-F73D-419B-AE64-7C017E727D4A}.Release|Any CPU.ActiveCfg = Release|Any CPU
		{27114B1B-F73D-419B-AE64-7C017E727D4A}.Release|Any CPU.Build.0 = Release|Any CPU
		{27114B1B-F73D-419B-AE64-7C017E727D4A}.Debug|iPhoneSimulator.ActiveCfg = Debug|Any CPU
		{27114B1B-F73D-419B-AE64-7C017E727D4A}.Debug|iPhoneSimulator.Build.0 = Debug|Any CPU
		{27114B1B-F73D-419B-AE64-7C017E727D4A}.Release|iPhoneSimulator.ActiveCfg = Release|Any CPU
		{27114B1B-F73D-419B-AE64-7C017E727D4A}.Release|iPhoneSimulator.Build.0 = Release|Any CPU
		{27114B1B-F73D-419B-AE64-7C017E727D4A}.Debug|iPhone.ActiveCfg = Debug|Any CPU
		{27114B1B-F73D-419B-AE64-7C017E727D4A}.Debug|iPhone.Build.0 = Debug|Any CPU
		{27114B1B-F73D-419B-AE64-7C017E727D4A}.Release|iPhone.ActiveCfg = Release|Any CPU
		{27114B1B-F73D-419B-AE64-7C017E727D4A}.Release|iPhone.Build.0 = Release|Any CPU
		{CFC0553B-FC14-462F-B186-ABF93C58D3D4}.Debug|Any CPU.ActiveCfg = Debug|iPhoneSimulator
		{CFC0553B-FC14-462F-B186-ABF93C58D3D4}.Debug|Any CPU.Build.0 = Debug|iPhoneSimulator
		{CFC0553B-FC14-462F-B186-ABF93C58D3D4}.Release|Any CPU.ActiveCfg = Release|iPhoneSimulator
		{CFC0553B-FC14-462F-B186-ABF93C58D3D4}.Release|Any CPU.Build.0 = Release|iPhoneSimulator
		{CFC0553B-FC14-462F-B186-ABF93C58D3D4}.Debug|iPhoneSimulator.ActiveCfg = Debug|iPhoneSimulator
		{CFC0553B-FC14-462F-B186-ABF93C58D3D4}.Debug|iPhoneSimulator.Build.0 = Debug|iPhoneSimulator
		{CFC0553B-FC14-462F-B186-ABF93C58D3D4}.Release|iPhoneSimulator.ActiveCfg = Release|iPhoneSimulator
		{CFC0553B-FC14-462F-B186-ABF93C58D3D4}.Release|iPhoneSimulator.Build.0 = Release|iPhoneSimulator
		{CFC0553B-FC14-462F-B186-ABF93C58D3D4}.Debug|iPhone.ActiveCfg = Debug|iPhone
		{CFC0553B-FC14-462F-B186-ABF93C58D3D4}.Debug|iPhone.Build.0 = Debug|iPhone
		{CFC0553B-FC14-462F-B186-ABF93C58D3D4}.Release|iPhone.ActiveCfg = Release|iPhone
		{CFC0553B-FC14-462F-B186-ABF93C58D3D4}.Release|iPhone.Build.0 = Release|iPhone
		{C6757536-347A-47D7-B70A-19B6C2859785}.Debug|Any CPU.ActiveCfg = Debug|Any CPU
		{C6757536-347A-47D7-B70A-19B6C2859785}.Debug|Any CPU.Build.0 = Debug|Any CPU
		{C6757536-347A-47D7-B70A-19B6C2859785}.Release|Any CPU.ActiveCfg = Release|Any CPU
		{C6757536-347A-47D7-B70A-19B6C2859785}.Release|Any CPU.Build.0 = Release|Any CPU
		{C6757536-347A-47D7-B70A-19B6C2859785}.Debug|iPhoneSimulator.ActiveCfg = Debug|Any CPU
		{C6757536-347A-47D7-B70A-19B6C2859785}.Debug|iPhoneSimulator.Build.0 = Debug|Any CPU
		{C6757536-347A-47D7-B70A-19B6C2859785}.Release|iPhoneSimulator.ActiveCfg = Release|Any CPU
		{C6757536-347A-47D7-B70A-19B6C2859785}.Release|iPhoneSimulator.Build.0 = Release|Any CPU
		{C6757536-347A-47D7-B70A-19B6C2859785}.Debug|iPhone.ActiveCfg = Debug|Any CPU
		{C6757536-347A-47D7-B70A-19B6C2859785}.Debug|iPhone.Build.0 = Debug|Any CPU
		{C6757536-347A-47D7-B70A-19B6C2859785}.Release|iPhone.ActiveCfg = Release|Any CPU
		{C6757536-347A-47D7-B70A-19B6C2859785}.Release|iPhone.Build.0 = Release|Any CPU
	EndGlobalSection
EndGlobal
