
Microsoft Visual Studio Solution File, Format Version 12.00
# Visual Studio 15
VisualStudioVersion = 15.0.28010.2026
MinimumVisualStudioVersion = 10.0.40219.1
Project("{FAE04EC0-301F-11D3-BF4B-00C04F79EFBC}") = "RoundedCorners.Android", "RoundedCorners\RoundedCorners.Android\RoundedCorners.Android.csproj", "{AC11CEF5-15B8-42CA-A2ED-9F4E6893F8E5}"
EndProject
Project("{FAE04EC0-301F-11D3-BF4B-00C04F79EFBC}") = "RoundedCorners.iOS", "RoundedCorners\RoundedCorners.iOS\RoundedCorners.iOS.csproj", "{60867707-6FE1-4FF8-81E9-EEA824871DE6}"
EndProject
Project("{FAE04EC0-301F-11D3-BF4B-00C04F79EFBC}") = "RoundedCorners", "RoundedCorners\RoundedCorners\RoundedCorners.csproj", "{3661DD7A-4F96-4AFF-8DED-D15ECB9BE808}"
EndProject
Global
	GlobalSection(SolutionConfigurationPlatforms) = preSolution
		Ad-Hoc|Any CPU = Ad-Hoc|Any CPU
		Ad-Hoc|iPhone = Ad-Hoc|iPhone
		Ad-Hoc|iPhoneSimulator = Ad-Hoc|iPhoneSimulator
		AppStore|Any CPU = AppStore|Any CPU
		AppStore|iPhone = AppStore|iPhone
		AppStore|iPhoneSimulator = AppStore|iPhoneSimulator
		Debug|Any CPU = Debug|Any CPU
		Debug|iPhone = Debug|iPhone
		Debug|iPhoneSimulator = Debug|iPhoneSimulator
		Release|Any CPU = Release|Any CPU
		Release|iPhone = Release|iPhone
		Release|iPhoneSimulator = Release|iPhoneSimulator
	EndGlobalSection
	GlobalSection(ProjectConfigurationPlatforms) = postSolution
		{AC11CEF5-15B8-42CA-A2ED-9F4E6893F8E5}.Ad-Hoc|Any CPU.ActiveCfg = Release|Any CPU
		{AC11CEF5-15B8-42CA-A2ED-9F4E6893F8E5}.Ad-Hoc|Any CPU.Build.0 = Release|Any CPU
		{AC11CEF5-15B8-42CA-A2ED-9F4E6893F8E5}.Ad-Hoc|Any CPU.Deploy.0 = Release|Any CPU
		{AC11CEF5-15B8-42CA-A2ED-9F4E6893F8E5}.Ad-Hoc|iPhone.ActiveCfg = Release|Any CPU
		{AC11CEF5-15B8-42CA-A2ED-9F4E6893F8E5}.Ad-Hoc|iPhone.Build.0 = Release|Any CPU
		{AC11CEF5-15B8-42CA-A2ED-9F4E6893F8E5}.Ad-Hoc|iPhone.Deploy.0 = Release|Any CPU
		{AC11CEF5-15B8-42CA-A2ED-9F4E6893F8E5}.Ad-Hoc|iPhoneSimulator.ActiveCfg = Release|Any CPU
		{AC11CEF5-15B8-42CA-A2ED-9F4E6893F8E5}.Ad-Hoc|iPhoneSimulator.Build.0 = Release|Any CPU
		{AC11CEF5-15B8-42CA-A2ED-9F4E6893F8E5}.Ad-Hoc|iPhoneSimulator.Deploy.0 = Release|Any CPU
		{AC11CEF5-15B8-42CA-A2ED-9F4E6893F8E5}.AppStore|Any CPU.ActiveCfg = Release|Any CPU
		{AC11CEF5-15B8-42CA-A2ED-9F4E6893F8E5}.AppStore|Any CPU.Build.0 = Release|Any CPU
		{AC11CEF5-15B8-42CA-A2ED-9F4E6893F8E5}.AppStore|Any CPU.Deploy.0 = Release|Any CPU
		{AC11CEF5-15B8-42CA-A2ED-9F4E6893F8E5}.AppStore|iPhone.ActiveCfg = Release|Any CPU
		{AC11CEF5-15B8-42CA-A2ED-9F4E6893F8E5}.AppStore|iPhone.Build.0 = Release|Any CPU
		{AC11CEF5-15B8-42CA-A2ED-9F4E6893F8E5}.AppStore|iPhone.Deploy.0 = Release|Any CPU
		{AC11CEF5-15B8-42CA-A2ED-9F4E6893F8E5}.AppStore|iPhoneSimulator.ActiveCfg = Release|Any CPU
		{AC11CEF5-15B8-42CA-A2ED-9F4E6893F8E5}.AppStore|iPhoneSimulator.Build.0 = Release|Any CPU
		{AC11CEF5-15B8-42CA-A2ED-9F4E6893F8E5}.AppStore|iPhoneSimulator.Deploy.0 = Release|Any CPU
		{AC11CEF5-15B8-42CA-A2ED-9F4E6893F8E5}.Debug|Any CPU.ActiveCfg = Debug|Any CPU
		{AC11CEF5-15B8-42CA-A2ED-9F4E6893F8E5}.Debug|Any CPU.Build.0 = Debug|Any CPU
		{AC11CEF5-15B8-42CA-A2ED-9F4E6893F8E5}.Debug|Any CPU.Deploy.0 = Debug|Any CPU
		{AC11CEF5-15B8-42CA-A2ED-9F4E6893F8E5}.Debug|iPhone.ActiveCfg = Debug|Any CPU
		{AC11CEF5-15B8-42CA-A2ED-9F4E6893F8E5}.Debug|iPhone.Build.0 = Debug|Any CPU
		{AC11CEF5-15B8-42CA-A2ED-9F4E6893F8E5}.Debug|iPhone.Deploy.0 = Debug|Any CPU
		{AC11CEF5-15B8-42CA-A2ED-9F4E6893F8E5}.Debug|iPhoneSimulator.ActiveCfg = Debug|Any CPU
		{AC11CEF5-15B8-42CA-A2ED-9F4E6893F8E5}.Debug|iPhoneSimulator.Build.0 = Debug|Any CPU
		{AC11CEF5-15B8-42CA-A2ED-9F4E6893F8E5}.Debug|iPhoneSimulator.Deploy.0 = Debug|Any CPU
		{AC11CEF5-15B8-42CA-A2ED-9F4E6893F8E5}.Release|Any CPU.ActiveCfg = Release|Any CPU
		{AC11CEF5-15B8-42CA-A2ED-9F4E6893F8E5}.Release|Any CPU.Build.0 = Release|Any CPU
		{AC11CEF5-15B8-42CA-A2ED-9F4E6893F8E5}.Release|Any CPU.Deploy.0 = Release|Any CPU
		{AC11CEF5-15B8-42CA-A2ED-9F4E6893F8E5}.Release|iPhone.ActiveCfg = Release|Any CPU
		{AC11CEF5-15B8-42CA-A2ED-9F4E6893F8E5}.Release|iPhone.Build.0 = Release|Any CPU
		{AC11CEF5-15B8-42CA-A2ED-9F4E6893F8E5}.Release|iPhone.Deploy.0 = Release|Any CPU
		{AC11CEF5-15B8-42CA-A2ED-9F4E6893F8E5}.Release|iPhoneSimulator.ActiveCfg = Release|Any CPU
		{AC11CEF5-15B8-42CA-A2ED-9F4E6893F8E5}.Release|iPhoneSimulator.Build.0 = Release|Any CPU
		{AC11CEF5-15B8-42CA-A2ED-9F4E6893F8E5}.Release|iPhoneSimulator.Deploy.0 = Release|Any CPU
		{60867707-6FE1-4FF8-81E9-EEA824871DE6}.Ad-Hoc|Any CPU.ActiveCfg = Ad-Hoc|iPhone
		{60867707-6FE1-4FF8-81E9-EEA824871DE6}.Ad-Hoc|Any CPU.Build.0 = Ad-Hoc|iPhone
		{60867707-6FE1-4FF8-81E9-EEA824871DE6}.Ad-Hoc|Any CPU.Deploy.0 = Ad-Hoc|iPhone
		{60867707-6FE1-4FF8-81E9-EEA824871DE6}.Ad-Hoc|iPhone.ActiveCfg = Ad-Hoc|iPhone
		{60867707-6FE1-4FF8-81E9-EEA824871DE6}.Ad-Hoc|iPhone.Build.0 = Ad-Hoc|iPhone
		{60867707-6FE1-4FF8-81E9-EEA824871DE6}.Ad-Hoc|iPhone.Deploy.0 = Ad-Hoc|iPhone
		{60867707-6FE1-4FF8-81E9-EEA824871DE6}.Ad-Hoc|iPhoneSimulator.ActiveCfg = Ad-Hoc|iPhoneSimulator
		{60867707-6FE1-4FF8-81E9-EEA824871DE6}.Ad-Hoc|iPhoneSimulator.Build.0 = Ad-Hoc|iPhoneSimulator
		{60867707-6FE1-4FF8-81E9-EEA824871DE6}.Ad-Hoc|iPhoneSimulator.Deploy.0 = Ad-Hoc|iPhoneSimulator
		{60867707-6FE1-4FF8-81E9-EEA824871DE6}.AppStore|Any CPU.ActiveCfg = AppStore|iPhone
		{60867707-6FE1-4FF8-81E9-EEA824871DE6}.AppStore|Any CPU.Build.0 = AppStore|iPhone
		{60867707-6FE1-4FF8-81E9-EEA824871DE6}.AppStore|Any CPU.Deploy.0 = AppStore|iPhone
		{60867707-6FE1-4FF8-81E9-EEA824871DE6}.AppStore|iPhone.ActiveCfg = AppStore|iPhone
		{60867707-6FE1-4FF8-81E9-EEA824871DE6}.AppStore|iPhone.Build.0 = AppStore|iPhone
		{60867707-6FE1-4FF8-81E9-EEA824871DE6}.AppStore|iPhone.Deploy.0 = AppStore|iPhone
		{60867707-6FE1-4FF8-81E9-EEA824871DE6}.AppStore|iPhoneSimulator.ActiveCfg = AppStore|iPhoneSimulator
		{60867707-6FE1-4FF8-81E9-EEA824871DE6}.AppStore|iPhoneSimulator.Build.0 = AppStore|iPhoneSimulator
		{60867707-6FE1-4FF8-81E9-EEA824871DE6}.AppStore|iPhoneSimulator.Deploy.0 = AppStore|iPhoneSimulator
		{60867707-6FE1-4FF8-81E9-EEA824871DE6}.Debug|Any CPU.ActiveCfg = Debug|iPhoneSimulator
		{60867707-6FE1-4FF8-81E9-EEA824871DE6}.Debug|Any CPU.Build.0 = Debug|iPhoneSimulator
		{60867707-6FE1-4FF8-81E9-EEA824871DE6}.Debug|Any CPU.Deploy.0 = Debug|iPhoneSimulator
		{60867707-6FE1-4FF8-81E9-EEA824871DE6}.Debug|iPhone.ActiveCfg = Debug|iPhone
		{60867707-6FE1-4FF8-81E9-EEA824871DE6}.Debug|iPhone.Build.0 = Debug|iPhone
		{60867707-6FE1-4FF8-81E9-EEA824871DE6}.Debug|iPhone.Deploy.0 = Debug|iPhone
		{60867707-6FE1-4FF8-81E9-EEA824871DE6}.Debug|iPhoneSimulator.ActiveCfg = Debug|iPhoneSimulator
		{60867707-6FE1-4FF8-81E9-EEA824871DE6}.Debug|iPhoneSimulator.Build.0 = Debug|iPhoneSimulator
		{60867707-6FE1-4FF8-81E9-EEA824871DE6}.Debug|iPhoneSimulator.Deploy.0 = Debug|iPhoneSimulator
		{60867707-6FE1-4FF8-81E9-EEA824871DE6}.Release|Any CPU.ActiveCfg = Release|iPhone
		{60867707-6FE1-4FF8-81E9-EEA824871DE6}.Release|Any CPU.Build.0 = Release|iPhone
		{60867707-6FE1-4FF8-81E9-EEA824871DE6}.Release|Any CPU.Deploy.0 = Release|iPhone
		{60867707-6FE1-4FF8-81E9-EEA824871DE6}.Release|iPhone.ActiveCfg = Release|iPhone
		{60867707-6FE1-4FF8-81E9-EEA824871DE6}.Release|iPhone.Build.0 = Release|iPhone
		{60867707-6FE1-4FF8-81E9-EEA824871DE6}.Release|iPhone.Deploy.0 = Release|iPhone
		{60867707-6FE1-4FF8-81E9-EEA824871DE6}.Release|iPhoneSimulator.ActiveCfg = Release|iPhoneSimulator
		{60867707-6FE1-4FF8-81E9-EEA824871DE6}.Release|iPhoneSimulator.Build.0 = Release|iPhoneSimulator
		{60867707-6FE1-4FF8-81E9-EEA824871DE6}.Release|iPhoneSimulator.Deploy.0 = Release|iPhoneSimulator
		{3661DD7A-4F96-4AFF-8DED-D15ECB9BE808}.Ad-Hoc|Any CPU.ActiveCfg = Debug|Any CPU
		{3661DD7A-4F96-4AFF-8DED-D15ECB9BE808}.Ad-Hoc|Any CPU.Build.0 = Debug|Any CPU
		{3661DD7A-4F96-4AFF-8DED-D15ECB9BE808}.Ad-Hoc|Any CPU.Deploy.0 = Debug|Any CPU
		{3661DD7A-4F96-4AFF-8DED-D15ECB9BE808}.Ad-Hoc|iPhone.ActiveCfg = Debug|Any CPU
		{3661DD7A-4F96-4AFF-8DED-D15ECB9BE808}.Ad-Hoc|iPhone.Build.0 = Debug|Any CPU
		{3661DD7A-4F96-4AFF-8DED-D15ECB9BE808}.Ad-Hoc|iPhone.Deploy.0 = Debug|Any CPU
		{3661DD7A-4F96-4AFF-8DED-D15ECB9BE808}.Ad-Hoc|iPhoneSimulator.ActiveCfg = Debug|Any CPU
		{3661DD7A-4F96-4AFF-8DED-D15ECB9BE808}.Ad-Hoc|iPhoneSimulator.Build.0 = Debug|Any CPU
		{3661DD7A-4F96-4AFF-8DED-D15ECB9BE808}.Ad-Hoc|iPhoneSimulator.Deploy.0 = Debug|Any CPU
		{3661DD7A-4F96-4AFF-8DED-D15ECB9BE808}.AppStore|Any CPU.ActiveCfg = Debug|Any CPU
		{3661DD7A-4F96-4AFF-8DED-D15ECB9BE808}.AppStore|Any CPU.Build.0 = Debug|Any CPU
		{3661DD7A-4F96-4AFF-8DED-D15ECB9BE808}.AppStore|Any CPU.Deploy.0 = Debug|Any CPU
		{3661DD7A-4F96-4AFF-8DED-D15ECB9BE808}.AppStore|iPhone.ActiveCfg = Debug|Any CPU
		{3661DD7A-4F96-4AFF-8DED-D15ECB9BE808}.AppStore|iPhone.Build.0 = Debug|Any CPU
		{3661DD7A-4F96-4AFF-8DED-D15ECB9BE808}.AppStore|iPhone.Deploy.0 = Debug|Any CPU
		{3661DD7A-4F96-4AFF-8DED-D15ECB9BE808}.AppStore|iPhoneSimulator.ActiveCfg = Debug|Any CPU
		{3661DD7A-4F96-4AFF-8DED-D15ECB9BE808}.AppStore|iPhoneSimulator.Build.0 = Debug|Any CPU
		{3661DD7A-4F96-4AFF-8DED-D15ECB9BE808}.AppStore|iPhoneSimulator.Deploy.0 = Debug|Any CPU
		{3661DD7A-4F96-4AFF-8DED-D15ECB9BE808}.Debug|Any CPU.ActiveCfg = Debug|Any CPU
		{3661DD7A-4F96-4AFF-8DED-D15ECB9BE808}.Debug|Any CPU.Build.0 = Debug|Any CPU
		{3661DD7A-4F96-4AFF-8DED-D15ECB9BE808}.Debug|Any CPU.Deploy.0 = Debug|Any CPU
		{3661DD7A-4F96-4AFF-8DED-D15ECB9BE808}.Debug|iPhone.ActiveCfg = Debug|Any CPU
		{3661DD7A-4F96-4AFF-8DED-D15ECB9BE808}.Debug|iPhone.Build.0 = Debug|Any CPU
		{3661DD7A-4F96-4AFF-8DED-D15ECB9BE808}.Debug|iPhone.Deploy.0 = Debug|Any CPU
		{3661DD7A-4F96-4AFF-8DED-D15ECB9BE808}.Debug|iPhoneSimulator.ActiveCfg = Debug|Any CPU
		{3661DD7A-4F96-4AFF-8DED-D15ECB9BE808}.Debug|iPhoneSimulator.Build.0 = Debug|Any CPU
		{3661DD7A-4F96-4AFF-8DED-D15ECB9BE808}.Debug|iPhoneSimulator.Deploy.0 = Debug|Any CPU
		{3661DD7A-4F96-4AFF-8DED-D15ECB9BE808}.Release|Any CPU.ActiveCfg = Release|Any CPU
		{3661DD7A-4F96-4AFF-8DED-D15ECB9BE808}.Release|Any CPU.Build.0 = Release|Any CPU
		{3661DD7A-4F96-4AFF-8DED-D15ECB9BE808}.Release|Any CPU.Deploy.0 = Release|Any CPU
		{3661DD7A-4F96-4AFF-8DED-D15ECB9BE808}.Release|iPhone.ActiveCfg = Release|Any CPU
		{3661DD7A-4F96-4AFF-8DED-D15ECB9BE808}.Release|iPhone.Build.0 = Release|Any CPU
		{3661DD7A-4F96-4AFF-8DED-D15ECB9BE808}.Release|iPhone.Deploy.0 = Release|Any CPU
		{3661DD7A-4F96-4AFF-8DED-D15ECB9BE808}.Release|iPhoneSimulator.ActiveCfg = Release|Any CPU
		{3661DD7A-4F96-4AFF-8DED-D15ECB9BE808}.Release|iPhoneSimulator.Build.0 = Release|Any CPU
		{3661DD7A-4F96-4AFF-8DED-D15ECB9BE808}.Release|iPhoneSimulator.Deploy.0 = Release|Any CPU
	EndGlobalSection
	GlobalSection(SolutionProperties) = preSolution
		HideSolutionNode = FALSE
	EndGlobalSection
	GlobalSection(ExtensibilityGlobals) = postSolution
		SolutionGuid = {D3B649A1-47FA-4E53-B4E8-534D3F38E001}
	EndGlobalSection
EndGlobal
