
Microsoft Visual Studio Solution File, Format Version 12.00
# Visual Studio 15
VisualStudioVersion = 15.0.28307.136
MinimumVisualStudioVersion = 10.0.40219.1
Project("{FAE04EC0-301F-11D3-BF4B-00C04F79EFBC}") = "ImageButton_DEMO.Android", "ImageButton_DEMO\ImageButton_DEMO.Android\ImageButton_DEMO.Android.csproj", "{801DE68D-1B27-4F32-AFF9-6A2012E56890}"
EndProject
Project("{FAE04EC0-301F-11D3-BF4B-00C04F79EFBC}") = "ImageButton_DEMO.iOS", "ImageButton_DEMO\ImageButton_DEMO.iOS\ImageButton_DEMO.iOS.csproj", "{384FB795-4E67-4050-BA4F-10CC7ADA52D2}"
EndProject
Project("{FAE04EC0-301F-11D3-BF4B-00C04F79EFBC}") = "ImageButton_DEMO", "ImageButton_DEMO\ImageButton_DEMO\ImageButton_DEMO.csproj", "{F34ADEAE-0306-47C4-BD0A-25C76FAFA902}"
EndProject
Global
	GlobalSection(SolutionConfigurationPlatforms) = preSolution
		Ad-Hoc|Any CPU = Ad-Hoc|Any CPU
		Ad-Hoc|iPhone = Ad-Hoc|iPhone
		Ad-Hoc|iPhoneSimulator = Ad-Hoc|iPhoneSimulator
		AppStore|Any CPU = AppStore|Any CPU
		AppStore|iPhone = AppStore|iPhone
		AppStore|iPhoneSimulator = AppStore|iPhoneSimulator
		Debug|Any CPU = Debug|Any CPU
		Debug|iPhone = Debug|iPhone
		Debug|iPhoneSimulator = Debug|iPhoneSimulator
		Release|Any CPU = Release|Any CPU
		Release|iPhone = Release|iPhone
		Release|iPhoneSimulator = Release|iPhoneSimulator
	EndGlobalSection
	GlobalSection(ProjectConfigurationPlatforms) = postSolution
		{801DE68D-1B27-4F32-AFF9-6A2012E56890}.Ad-Hoc|Any CPU.ActiveCfg = Release|Any CPU
		{801DE68D-1B27-4F32-AFF9-6A2012E56890}.Ad-Hoc|Any CPU.Build.0 = Release|Any CPU
		{801DE68D-1B27-4F32-AFF9-6A2012E56890}.Ad-Hoc|Any CPU.Deploy.0 = Release|Any CPU
		{801DE68D-1B27-4F32-AFF9-6A2012E56890}.Ad-Hoc|iPhone.ActiveCfg = Release|Any CPU
		{801DE68D-1B27-4F32-AFF9-6A2012E56890}.Ad-Hoc|iPhone.Build.0 = Release|Any CPU
		{801DE68D-1B27-4F32-AFF9-6A2012E56890}.Ad-Hoc|iPhone.Deploy.0 = Release|Any CPU
		{801DE68D-1B27-4F32-AFF9-6A2012E56890}.Ad-Hoc|iPhoneSimulator.ActiveCfg = Release|Any CPU
		{801DE68D-1B27-4F32-AFF9-6A2012E56890}.Ad-Hoc|iPhoneSimulator.Build.0 = Release|Any CPU
		{801DE68D-1B27-4F32-AFF9-6A2012E56890}.Ad-Hoc|iPhoneSimulator.Deploy.0 = Release|Any CPU
		{801DE68D-1B27-4F32-AFF9-6A2012E56890}.AppStore|Any CPU.ActiveCfg = Release|Any CPU
		{801DE68D-1B27-4F32-AFF9-6A2012E56890}.AppStore|Any CPU.Build.0 = Release|Any CPU
		{801DE68D-1B27-4F32-AFF9-6A2012E56890}.AppStore|Any CPU.Deploy.0 = Release|Any CPU
		{801DE68D-1B27-4F32-AFF9-6A2012E56890}.AppStore|iPhone.ActiveCfg = Release|Any CPU
		{801DE68D-1B27-4F32-AFF9-6A2012E56890}.AppStore|iPhone.Build.0 = Release|Any CPU
		{801DE68D-1B27-4F32-AFF9-6A2012E56890}.AppStore|iPhone.Deploy.0 = Release|Any CPU
		{801DE68D-1B27-4F32-AFF9-6A2012E56890}.AppStore|iPhoneSimulator.ActiveCfg = Release|Any CPU
		{801DE68D-1B27-4F32-AFF9-6A2012E56890}.AppStore|iPhoneSimulator.Build.0 = Release|Any CPU
		{801DE68D-1B27-4F32-AFF9-6A2012E56890}.AppStore|iPhoneSimulator.Deploy.0 = Release|Any CPU
		{801DE68D-1B27-4F32-AFF9-6A2012E56890}.Debug|Any CPU.ActiveCfg = Debug|Any CPU
		{801DE68D-1B27-4F32-AFF9-6A2012E56890}.Debug|Any CPU.Build.0 = Debug|Any CPU
		{801DE68D-1B27-4F32-AFF9-6A2012E56890}.Debug|Any CPU.Deploy.0 = Debug|Any CPU
		{801DE68D-1B27-4F32-AFF9-6A2012E56890}.Debug|iPhone.ActiveCfg = Debug|Any CPU
		{801DE68D-1B27-4F32-AFF9-6A2012E56890}.Debug|iPhone.Build.0 = Debug|Any CPU
		{801DE68D-1B27-4F32-AFF9-6A2012E56890}.Debug|iPhone.Deploy.0 = Debug|Any CPU
		{801DE68D-1B27-4F32-AFF9-6A2012E56890}.Debug|iPhoneSimulator.ActiveCfg = Debug|Any CPU
		{801DE68D-1B27-4F32-AFF9-6A2012E56890}.Debug|iPhoneSimulator.Build.0 = Debug|Any CPU
		{801DE68D-1B27-4F32-AFF9-6A2012E56890}.Debug|iPhoneSimulator.Deploy.0 = Debug|Any CPU
		{801DE68D-1B27-4F32-AFF9-6A2012E56890}.Release|Any CPU.ActiveCfg = Release|Any CPU
		{801DE68D-1B27-4F32-AFF9-6A2012E56890}.Release|Any CPU.Build.0 = Release|Any CPU
		{801DE68D-1B27-4F32-AFF9-6A2012E56890}.Release|Any CPU.Deploy.0 = Release|Any CPU
		{801DE68D-1B27-4F32-AFF9-6A2012E56890}.Release|iPhone.ActiveCfg = Release|Any CPU
		{801DE68D-1B27-4F32-AFF9-6A2012E56890}.Release|iPhone.Build.0 = Release|Any CPU
		{801DE68D-1B27-4F32-AFF9-6A2012E56890}.Release|iPhone.Deploy.0 = Release|Any CPU
		{801DE68D-1B27-4F32-AFF9-6A2012E56890}.Release|iPhoneSimulator.ActiveCfg = Release|Any CPU
		{801DE68D-1B27-4F32-AFF9-6A2012E56890}.Release|iPhoneSimulator.Build.0 = Release|Any CPU
		{801DE68D-1B27-4F32-AFF9-6A2012E56890}.Release|iPhoneSimulator.Deploy.0 = Release|Any CPU
		{384FB795-4E67-4050-BA4F-10CC7ADA52D2}.Ad-Hoc|Any CPU.ActiveCfg = Ad-Hoc|iPhone
		{384FB795-4E67-4050-BA4F-10CC7ADA52D2}.Ad-Hoc|Any CPU.Build.0 = Ad-Hoc|iPhone
		{384FB795-4E67-4050-BA4F-10CC7ADA52D2}.Ad-Hoc|Any CPU.Deploy.0 = Ad-Hoc|iPhone
		{384FB795-4E67-4050-BA4F-10CC7ADA52D2}.Ad-Hoc|iPhone.ActiveCfg = Ad-Hoc|iPhone
		{384FB795-4E67-4050-BA4F-10CC7ADA52D2}.Ad-Hoc|iPhone.Build.0 = Ad-Hoc|iPhone
		{384FB795-4E67-4050-BA4F-10CC7ADA52D2}.Ad-Hoc|iPhone.Deploy.0 = Ad-Hoc|iPhone
		{384FB795-4E67-4050-BA4F-10CC7ADA52D2}.Ad-Hoc|iPhoneSimulator.ActiveCfg = Ad-Hoc|iPhoneSimulator
		{384FB795-4E67-4050-BA4F-10CC7ADA52D2}.Ad-Hoc|iPhoneSimulator.Build.0 = Ad-Hoc|iPhoneSimulator
		{384FB795-4E67-4050-BA4F-10CC7ADA52D2}.Ad-Hoc|iPhoneSimulator.Deploy.0 = Ad-Hoc|iPhoneSimulator
		{384FB795-4E67-4050-BA4F-10CC7ADA52D2}.AppStore|Any CPU.ActiveCfg = AppStore|iPhone
		{384FB795-4E67-4050-BA4F-10CC7ADA52D2}.AppStore|Any CPU.Build.0 = AppStore|iPhone
		{384FB795-4E67-4050-BA4F-10CC7ADA52D2}.AppStore|Any CPU.Deploy.0 = AppStore|iPhone
		{384FB795-4E67-4050-BA4F-10CC7ADA52D2}.AppStore|iPhone.ActiveCfg = AppStore|iPhone
		{384FB795-4E67-4050-BA4F-10CC7ADA52D2}.AppStore|iPhone.Build.0 = AppStore|iPhone
		{384FB795-4E67-4050-BA4F-10CC7ADA52D2}.AppStore|iPhone.Deploy.0 = AppStore|iPhone
		{384FB795-4E67-4050-BA4F-10CC7ADA52D2}.AppStore|iPhoneSimulator.ActiveCfg = AppStore|iPhoneSimulator
		{384FB795-4E67-4050-BA4F-10CC7ADA52D2}.AppStore|iPhoneSimulator.Build.0 = AppStore|iPhoneSimulator
		{384FB795-4E67-4050-BA4F-10CC7ADA52D2}.AppStore|iPhoneSimulator.Deploy.0 = AppStore|iPhoneSimulator
		{384FB795-4E67-4050-BA4F-10CC7ADA52D2}.Debug|Any CPU.ActiveCfg = Debug|iPhoneSimulator
		{384FB795-4E67-4050-BA4F-10CC7ADA52D2}.Debug|Any CPU.Build.0 = Debug|iPhoneSimulator
		{384FB795-4E67-4050-BA4F-10CC7ADA52D2}.Debug|Any CPU.Deploy.0 = Debug|iPhoneSimulator
		{384FB795-4E67-4050-BA4F-10CC7ADA52D2}.Debug|iPhone.ActiveCfg = Debug|iPhone
		{384FB795-4E67-4050-BA4F-10CC7ADA52D2}.Debug|iPhone.Build.0 = Debug|iPhone
		{384FB795-4E67-4050-BA4F-10CC7ADA52D2}.Debug|iPhone.Deploy.0 = Debug|iPhone
		{384FB795-4E67-4050-BA4F-10CC7ADA52D2}.Debug|iPhoneSimulator.ActiveCfg = Debug|iPhoneSimulator
		{384FB795-4E67-4050-BA4F-10CC7ADA52D2}.Debug|iPhoneSimulator.Build.0 = Debug|iPhoneSimulator
		{384FB795-4E67-4050-BA4F-10CC7ADA52D2}.Debug|iPhoneSimulator.Deploy.0 = Debug|iPhoneSimulator
		{384FB795-4E67-4050-BA4F-10CC7ADA52D2}.Release|Any CPU.ActiveCfg = Release|iPhone
		{384FB795-4E67-4050-BA4F-10CC7ADA52D2}.Release|Any CPU.Build.0 = Release|iPhone
		{384FB795-4E67-4050-BA4F-10CC7ADA52D2}.Release|Any CPU.Deploy.0 = Release|iPhone
		{384FB795-4E67-4050-BA4F-10CC7ADA52D2}.Release|iPhone.ActiveCfg = Release|iPhone
		{384FB795-4E67-4050-BA4F-10CC7ADA52D2}.Release|iPhone.Build.0 = Release|iPhone
		{384FB795-4E67-4050-BA4F-10CC7ADA52D2}.Release|iPhone.Deploy.0 = Release|iPhone
		{384FB795-4E67-4050-BA4F-10CC7ADA52D2}.Release|iPhoneSimulator.ActiveCfg = Release|iPhoneSimulator
		{384FB795-4E67-4050-BA4F-10CC7ADA52D2}.Release|iPhoneSimulator.Build.0 = Release|iPhoneSimulator
		{384FB795-4E67-4050-BA4F-10CC7ADA52D2}.Release|iPhoneSimulator.Deploy.0 = Release|iPhoneSimulator
		{F34ADEAE-0306-47C4-BD0A-25C76FAFA902}.Ad-Hoc|Any CPU.ActiveCfg = Debug|Any CPU
		{F34ADEAE-0306-47C4-BD0A-25C76FAFA902}.Ad-Hoc|Any CPU.Build.0 = Debug|Any CPU
		{F34ADEAE-0306-47C4-BD0A-25C76FAFA902}.Ad-Hoc|Any CPU.Deploy.0 = Debug|Any CPU
		{F34ADEAE-0306-47C4-BD0A-25C76FAFA902}.Ad-Hoc|iPhone.ActiveCfg = Debug|Any CPU
		{F34ADEAE-0306-47C4-BD0A-25C76FAFA902}.Ad-Hoc|iPhone.Build.0 = Debug|Any CPU
		{F34ADEAE-0306-47C4-BD0A-25C76FAFA902}.Ad-Hoc|iPhone.Deploy.0 = Debug|Any CPU
		{F34ADEAE-0306-47C4-BD0A-25C76FAFA902}.Ad-Hoc|iPhoneSimulator.ActiveCfg = Debug|Any CPU
		{F34ADEAE-0306-47C4-BD0A-25C76FAFA902}.Ad-Hoc|iPhoneSimulator.Build.0 = Debug|Any CPU
		{F34ADEAE-0306-47C4-BD0A-25C76FAFA902}.Ad-Hoc|iPhoneSimulator.Deploy.0 = Debug|Any CPU
		{F34ADEAE-0306-47C4-BD0A-25C76FAFA902}.AppStore|Any CPU.ActiveCfg = Debug|Any CPU
		{F34ADEAE-0306-47C4-BD0A-25C76FAFA902}.AppStore|Any CPU.Build.0 = Debug|Any CPU
		{F34ADEAE-0306-47C4-BD0A-25C76FAFA902}.AppStore|Any CPU.Deploy.0 = Debug|Any CPU
		{F34ADEAE-0306-47C4-BD0A-25C76FAFA902}.AppStore|iPhone.ActiveCfg = Debug|Any CPU
		{F34ADEAE-0306-47C4-BD0A-25C76FAFA902}.AppStore|iPhone.Build.0 = Debug|Any CPU
		{F34ADEAE-0306-47C4-BD0A-25C76FAFA902}.AppStore|iPhone.Deploy.0 = Debug|Any CPU
		{F34ADEAE-0306-47C4-BD0A-25C76FAFA902}.AppStore|iPhoneSimulator.ActiveCfg = Debug|Any CPU
		{F34ADEAE-0306-47C4-BD0A-25C76FAFA902}.AppStore|iPhoneSimulator.Build.0 = Debug|Any CPU
		{F34ADEAE-0306-47C4-BD0A-25C76FAFA902}.AppStore|iPhoneSimulator.Deploy.0 = Debug|Any CPU
		{F34ADEAE-0306-47C4-BD0A-25C76FAFA902}.Debug|Any CPU.ActiveCfg = Debug|Any CPU
		{F34ADEAE-0306-47C4-BD0A-25C76FAFA902}.Debug|Any CPU.Build.0 = Debug|Any CPU
		{F34ADEAE-0306-47C4-BD0A-25C76FAFA902}.Debug|Any CPU.Deploy.0 = Debug|Any CPU
		{F34ADEAE-0306-47C4-BD0A-25C76FAFA902}.Debug|iPhone.ActiveCfg = Debug|Any CPU
		{F34ADEAE-0306-47C4-BD0A-25C76FAFA902}.Debug|iPhone.Build.0 = Debug|Any CPU
		{F34ADEAE-0306-47C4-BD0A-25C76FAFA902}.Debug|iPhone.Deploy.0 = Debug|Any CPU
		{F34ADEAE-0306-47C4-BD0A-25C76FAFA902}.Debug|iPhoneSimulator.ActiveCfg = Debug|Any CPU
		{F34ADEAE-0306-47C4-BD0A-25C76FAFA902}.Debug|iPhoneSimulator.Build.0 = Debug|Any CPU
		{F34ADEAE-0306-47C4-BD0A-25C76FAFA902}.Debug|iPhoneSimulator.Deploy.0 = Debug|Any CPU
		{F34ADEAE-0306-47C4-BD0A-25C76FAFA902}.Release|Any CPU.ActiveCfg = Release|Any CPU
		{F34ADEAE-0306-47C4-BD0A-25C76FAFA902}.Release|Any CPU.Build.0 = Release|Any CPU
		{F34ADEAE-0306-47C4-BD0A-25C76FAFA902}.Release|Any CPU.Deploy.0 = Release|Any CPU
		{F34ADEAE-0306-47C4-BD0A-25C76FAFA902}.Release|iPhone.ActiveCfg = Release|Any CPU
		{F34ADEAE-0306-47C4-BD0A-25C76FAFA902}.Release|iPhone.Build.0 = Release|Any CPU
		{F34ADEAE-0306-47C4-BD0A-25C76FAFA902}.Release|iPhone.Deploy.0 = Release|Any CPU
		{F34ADEAE-0306-47C4-BD0A-25C76FAFA902}.Release|iPhoneSimulator.ActiveCfg = Release|Any CPU
		{F34ADEAE-0306-47C4-BD0A-25C76FAFA902}.Release|iPhoneSimulator.Build.0 = Release|Any CPU
		{F34ADEAE-0306-47C4-BD0A-25C76FAFA902}.Release|iPhoneSimulator.Deploy.0 = Release|Any CPU
	EndGlobalSection
	GlobalSection(SolutionProperties) = preSolution
		HideSolutionNode = FALSE
	EndGlobalSection
	GlobalSection(ExtensibilityGlobals) = postSolution
		SolutionGuid = {075D4B6F-624E-410E-8F75-76FF691B11CB}
	EndGlobalSection
EndGlobal
