
Microsoft Visual Studio Solution File, Format Version 12.00
# Visual Studio 15
Project("{FAE04EC0-301F-11D3-BF4B-00C04F79EFBC}") = "TImePicker_Render.Android", "TImePicker_Render.Android\TImePicker_Render.Android.csproj", "{5CBD9800-B762-4DFE-B6A5-D1B7D75F83F6}"
EndProject
Project("{FAE04EC0-301F-11D3-BF4B-00C04F79EFBC}") = "TImePicker_Render.iOS", "TImePicker_Render.iOS\TImePicker_Render.iOS.csproj", "{1289BF8A-5D01-4E18-8D49-70E1E08CB52C}"
EndProject
Project("{FAE04EC0-301F-11D3-BF4B-00C04F79EFBC}") = "TImePicker_Render", "TImePicker_Render\TImePicker_Render.csproj", "{28781811-AD3F-428D-82F9-FDB7BDB73C87}"
EndProject
Global
	GlobalSection(SolutionConfigurationPlatforms) = preSolution
		Debug|Any CPU = Debug|Any CPU
		Release|Any CPU = Release|Any CPU
		Debug|iPhoneSimulator = Debug|iPhoneSimulator
		Release|iPhoneSimulator = Release|iPhoneSimulator
		Debug|iPhone = Debug|iPhone
		Release|iPhone = Release|iPhone
	EndGlobalSection
	GlobalSection(ProjectConfigurationPlatforms) = postSolution
		{5CBD9800-B762-4DFE-B6A5-D1B7D75F83F6}.Debug|Any CPU.ActiveCfg = Debug|Any CPU
		{5CBD9800-B762-4DFE-B6A5-D1B7D75F83F6}.Debug|Any CPU.Build.0 = Debug|Any CPU
		{5CBD9800-B762-4DFE-B6A5-D1B7D75F83F6}.Release|Any CPU.ActiveCfg = Release|Any CPU
		{5CBD9800-B762-4DFE-B6A5-D1B7D75F83F6}.Release|Any CPU.Build.0 = Release|Any CPU
		{5CBD9800-B762-4DFE-B6A5-D1B7D75F83F6}.Debug|iPhoneSimulator.ActiveCfg = Debug|Any CPU
		{5CBD9800-B762-4DFE-B6A5-D1B7D75F83F6}.Debug|iPhoneSimulator.Build.0 = Debug|Any CPU
		{5CBD9800-B762-4DFE-B6A5-D1B7D75F83F6}.Release|iPhoneSimulator.ActiveCfg = Release|Any CPU
		{5CBD9800-B762-4DFE-B6A5-D1B7D75F83F6}.Release|iPhoneSimulator.Build.0 = Release|Any CPU
		{5CBD9800-B762-4DFE-B6A5-D1B7D75F83F6}.Debug|iPhone.ActiveCfg = Debug|Any CPU
		{5CBD9800-B762-4DFE-B6A5-D1B7D75F83F6}.Debug|iPhone.Build.0 = Debug|Any CPU
		{5CBD9800-B762-4DFE-B6A5-D1B7D75F83F6}.Release|iPhone.ActiveCfg = Release|Any CPU
		{5CBD9800-B762-4DFE-B6A5-D1B7D75F83F6}.Release|iPhone.Build.0 = Release|Any CPU
		{1289BF8A-5D01-4E18-8D49-70E1E08CB52C}.Debug|Any CPU.ActiveCfg = Debug|iPhoneSimulator
		{1289BF8A-5D01-4E18-8D49-70E1E08CB52C}.Debug|Any CPU.Build.0 = Debug|iPhoneSimulator
		{1289BF8A-5D01-4E18-8D49-70E1E08CB52C}.Release|Any CPU.ActiveCfg = Release|iPhoneSimulator
		{1289BF8A-5D01-4E18-8D49-70E1E08CB52C}.Release|Any CPU.Build.0 = Release|iPhoneSimulator
		{1289BF8A-5D01-4E18-8D49-70E1E08CB52C}.Debug|iPhoneSimulator.ActiveCfg = Debug|iPhoneSimulator
		{1289BF8A-5D01-4E18-8D49-70E1E08CB52C}.Debug|iPhoneSimulator.Build.0 = Debug|iPhoneSimulator
		{1289BF8A-5D01-4E18-8D49-70E1E08CB52C}.Release|iPhoneSimulator.ActiveCfg = Release|iPhoneSimulator
		{1289BF8A-5D01-4E18-8D49-70E1E08CB52C}.Release|iPhoneSimulator.Build.0 = Release|iPhoneSimulator
		{1289BF8A-5D01-4E18-8D49-70E1E08CB52C}.Debug|iPhone.ActiveCfg = Debug|iPhone
		{1289BF8A-5D01-4E18-8D49-70E1E08CB52C}.Debug|iPhone.Build.0 = Debug|iPhone
		{1289BF8A-5D01-4E18-8D49-70E1E08CB52C}.Release|iPhone.ActiveCfg = Release|iPhone
		{1289BF8A-5D01-4E18-8D49-70E1E08CB52C}.Release|iPhone.Build.0 = Release|iPhone
		{28781811-AD3F-428D-82F9-FDB7BDB73C87}.Debug|Any CPU.ActiveCfg = Debug|Any CPU
		{28781811-AD3F-428D-82F9-FDB7BDB73C87}.Debug|Any CPU.Build.0 = Debug|Any CPU
		{28781811-AD3F-428D-82F9-FDB7BDB73C87}.Release|Any CPU.ActiveCfg = Release|Any CPU
		{28781811-AD3F-428D-82F9-FDB7BDB73C87}.Release|Any CPU.Build.0 = Release|Any CPU
		{28781811-AD3F-428D-82F9-FDB7BDB73C87}.Debug|iPhoneSimulator.ActiveCfg = Debug|Any CPU
		{28781811-AD3F-428D-82F9-FDB7BDB73C87}.Debug|iPhoneSimulator.Build.0 = Debug|Any CPU
		{28781811-AD3F-428D-82F9-FDB7BDB73C87}.Release|iPhoneSimulator.ActiveCfg = Release|Any CPU
		{28781811-AD3F-428D-82F9-FDB7BDB73C87}.Release|iPhoneSimulator.Build.0 = Release|Any CPU
		{28781811-AD3F-428D-82F9-FDB7BDB73C87}.Debug|iPhone.ActiveCfg = Debug|Any CPU
		{28781811-AD3F-428D-82F9-FDB7BDB73C87}.Debug|iPhone.Build.0 = Debug|Any CPU
		{28781811-AD3F-428D-82F9-FDB7BDB73C87}.Release|iPhone.ActiveCfg = Release|Any CPU
		{28781811-AD3F-428D-82F9-FDB7BDB73C87}.Release|iPhone.Build.0 = Release|Any CPU
	EndGlobalSection
EndGlobal
